lockfileVersion: '9.0'

settings:
  autoInstallPeers: true
  excludeLinksFromLockfile: false

importers:

  .:
    devDependencies:
      cssnano:
        specifier: ^8.0.2
        version: 8.0.2(postcss@8.5.20)
      postcss:
        specifier: ^8.5.20
        version: 8.5.20
      postcss-cli:
        specifier: ^11.0.1
        version: 11.0.1(postcss@8.5.20)
      postcss-nesting:
        specifier: ^14.0.0
        version: 14.0.0(postcss@8.5.20)

packages:

  '@colordx/core@5.4.3':
    resolution: {integrity: sha512-kIxYSfA5T8HXjav55UaaH/o/cKivF6jCCGIb8eqtcsfI46wsvlSiT8jMDyrl779qLec3c2c2oHBZo4oAhvbjrQ==}

  '@csstools/selector-resolve-nested@4.0.0':
    resolution: {integrity: sha512-9vAPxmp+Dx3wQBIUwc1v7Mdisw1kbbaGqXUM8QLTgWg7SoPGYtXBsMXvsFs/0Bn5yoFhcktzxNZGNaUt0VjgjA==}
    engines: {node: '>=20.19.0'}
    peerDependencies:
      postcss-selector-parser: ^7.1.1

  '@csstools/selector-specificity@6.0.0':
    resolution: {integrity: sha512-4sSgl78OtOXEX/2d++8A83zHNTgwCJMaR24FvsYL7Uf/VS8HZk9PTwR51elTbGqMuwH3szLvvOXEaVnqn0Z3zA==}
    engines: {node: '>=20.19.0'}
    peerDependencies:
      postcss-selector-parser: ^7.1.1

  ansi-regex@5.0.1:
    resolution: {integrity: sha512-quJQXlTSUGL2LH9SUXo8VwsY4soanhgo6LNSm84E1LBcE8s3O0wpdiRzyR9z/ZZJMlMWv37qOOb9pdJlMUEKFQ==}
    engines: {node: '>=8'}

  ansi-styles@4.3.0:
    resolution: {integrity: sha512-zbB9rCJAT1rbjiVDb2hqKFHNYLxgtk8NURxZ3IZwD3F6NtxbXZQCnnSi1Lkx+IDohdPlFp222wVALIheZJQSEg==}
    engines: {node: '>=8'}

  anymatch@3.1.3:
    resolution: {integrity: sha512-KMReFUr0B4t+D+OBkjR3KYqvocp2XaSzO55UcB6mgQMd3KbcE+mWTyvVV7D/zsdEbNnV6acZUutkiHQXvTr1Rw==}
    engines: {node: '>= 8'}

  baseline-browser-mapping@2.10.35:
    resolution: {integrity: sha512-honAfLBde0HAFLdNyBEfuuENkF6zR+ozxqxa/2zJKHBe1qzLqyTSeRKpdPEHAP03rlDGyQOPnCSxnVpVqQo9Mg==}
    engines: {node: '>=6.0.0'}
    hasBin: true

  binary-extensions@2.3.0:
    resolution: {integrity: sha512-Ceh+7ox5qe7LJuLHoY0feh3pHuUDHAcRUeyL2VYghZwfpkNIy/+8Ocg0a3UuSoYzavmylwuLWQOf3hl0jjMMIw==}
    engines: {node: '>=8'}

  boolbase@1.0.0:
    resolution: {integrity: sha512-JZOSA7Mo9sNGB8+UjSgzdLtokWAky1zbztM3WRLCbZ70/3cTANmQmOdR7y2g+J0e2WXywy1yS468tY+IruqEww==}

  braces@3.0.3:
    resolution: {integrity: sha512-yQbXgO/OSZVD2IsiLlro+7Hf6Q18EJrKSEsdoMzKePKXct3gvD8oLcOQdIzGupr5Fj+EDe8gO/lxc1BzfMpxvA==}
    engines: {node: '>=8'}

  browserslist@4.28.2:
    resolution: {integrity: sha512-48xSriZYYg+8qXna9kwqjIVzuQxi+KYWp2+5nCYnYKPTr0LvD89Jqk2Or5ogxz0NUMfIjhh2lIUX/LyX9B4oIg==}
    engines: {node: ^6 || ^7 || ^8 || ^9 || ^10 || ^11 || ^12 || >=13.7}
    hasBin: true

  caniuse-api@4.0.0:
    resolution: {integrity: sha512-B0hQ1OLyJuHTQSOWXvwibWqM6DCoqJdvBA6X1S/53bd4XU7LJ1yurIPlrsouol3mw1jh9pGI4ivubSpmJeIqCA==}

  caniuse-lite@1.0.30001799:
    resolution: {integrity: sha512-hG1bReV+OUU+MOqK4t/ZWI0tZOyz3rqS9XuhOUz1cIcbwBKjOyJEJuw9ER5JuNyqxNk8u/JUVbGibBOL1yrjFw==}

  chokidar@3.6.0:
    resolution: {integrity: sha512-7VT13fmjotKpGipCW9JEQAusEPE+Ei8nl6/g4FBAmIm0GOOLMua9NDDo/DWp0ZAxCr3cPq5ZpBqmPAQgDda2Pw==}
    engines: {node: '>= 8.10.0'}

  cliui@8.0.1:
    resolution: {integrity: sha512-BSeNnyus75C4//NQ9gQt1/csTXyo/8Sb+afLAkzAptFuMsod9HFokGNudZpi/oQV73hnVK+sR+5PVRMd+Dr7YQ==}
    engines: {node: '>=12'}

  color-convert@2.0.1:
    resolution: {integrity: sha512-RRECPsj7iu/xb5oKYcsFHSppFNnsj/52OVTRKb4zP5onXwVF3zVmmToNcOfGC+CRDpfK/U584fMg38ZHCaElKQ==}
    engines: {node: '>=7.0.0'}

  color-name@1.1.4:
    resolution: {integrity: sha512-dOy+3AuW3a2wNbZHIuMZpTcgjGuLU/uBL/ubcZF9OXbDo8ff4O8yVp5Bf0efS8uEoYo5q4Fx7dY9OgQGXgAsQA==}

  commander@11.1.0:
    resolution: {integrity: sha512-yPVavfyCcRhmorC7rWlkHn15b4wDVgVmBA7kV4QVBsF7kv/9TKJAbAXVTxvTnwP8HHKjRCJDClKbciiYS7p0DQ==}
    engines: {node: '>=16'}

  css-select@5.2.2:
    resolution: {integrity: sha512-TizTzUddG/xYLA3NXodFM0fSbNizXjOKhqiQQwvhlspadZokn1KDy0NZFS0wuEubIYAV5/c1/lAr0TaaFXEXzw==}

  css-tree@2.2.1:
    resolution: {integrity: sha512-OA0mILzGc1kCOCSJerOeqDxDQ4HOh+G8NbOJFOTgOCzpw7fCBubk0fEyxp8AgOL/jvLgYA/uV0cMbe43ElF1JA==}
    engines: {node: ^10 || ^12.20.0 || ^14.13.0 || >=15.0.0, npm: '>=7.0.0'}

  css-tree@3.2.1:
    resolution: {integrity: sha512-X7sjQzceUhu1u7Y/ylrRZFU2FS6LRiFVp6rKLPg23y3x3c3DOKAwuXGDp+PAGjh6CSnCjYeAul8pcT8bAl+lSA==}
    engines: {node: ^10 || ^12.20.0 || ^14.13.0 || >=15.0.0}

  css-what@6.2.2:
    resolution: {integrity: sha512-u/O3vwbptzhMs3L1fQE82ZSLHQQfto5gyZzwteVIEyeaY5Fc7R4dapF/BvRoSYFeqfBk4m0V1Vafq5Pjv25wvA==}
    engines: {node: '>= 6'}

  cssesc@3.0.0:
    resolution: {integrity: sha512-/Tb/JcjK111nNScGob5MNtsntNM1aCNUDipB/TkwZFhyDrrE47SOx/18wF2bbjgc3ZzCSKW1T5nt5EbFoAz/Vg==}
    engines: {node: '>=4'}
    hasBin: true

  cssnano-preset-default@8.0.2:
    resolution: {integrity: sha512-+jQAqIKCqMmBjZs7741XkilU93ITZ/EW8gjAkMmujdCzfDkfjrDBv2VqkSu29Fzeig/0rZ3S9IAwfPLlmXEUfQ==}
    engines: {node: ^22.11.0 || ^24.11.0 || >=26.0}
    peerDependencies:
      postcss: ^8.5.15

  cssnano-utils@6.0.1:
    resolution: {integrity: sha512-zk65GIxA8tCjqVk7nTm1mE+ZKxtnxAvU5JSUaBLXbAr3ZF7IOvz3fbPOnEDvZKhnS7GOIitXTS5BgehLzNoc8Q==}
    engines: {node: ^22.11.0 || ^24.11.0 || >=26.0}
    peerDependencies:
      postcss: ^8.5.15

  cssnano@8.0.2:
    resolution: {integrity: sha512-K+a76gA1v0/CsYgcsE95HGGyIuPKxpQSetwSwz4nHEM8fFXqSkzq2JzEXFL8v5+CCjxzVVVhPcTK3Oo8SaF/xA==}
    engines: {node: ^22.11.0 || ^24.11.0 || >=26.0}
    peerDependencies:
      postcss: ^8.5.15

  csso@5.0.5:
    resolution: {integrity: sha512-0LrrStPOdJj+SPCCrGhzryycLjwcgUSHBtxNA8aIDxf0GLsRh1cKYhB00Gd1lDOS4yGH69+SNn13+TWbVHETFQ==}
    engines: {node: ^10 || ^12.20.0 || ^14.13.0 || >=15.0.0, npm: '>=7.0.0'}

  dependency-graph@1.0.0:
    resolution: {integrity: sha512-cW3gggJ28HZ/LExwxP2B++aiKxhJXMSIt9K48FOXQkm+vuG5gyatXnLsONRJdzO/7VfjDIiaOOa/bs4l464Lwg==}
    engines: {node: '>=4'}

  dom-serializer@2.0.0:
    resolution: {integrity: sha512-wIkAryiqt/nV5EQKqQpo3SToSOV9J0DnbJqwK7Wv/Trc92zIAYZ4FlMu+JPFW1DfGFt81ZTCGgDEabffXeLyJg==}

  domelementtype@2.3.0:
    resolution: {integrity: sha512-OLETBj6w0OsagBwdXnPdN0cnMfF9opN69co+7ZrbfPGrdpPVNBUj02spi6B1N7wChLQiPn4CSH/zJvXw56gmHw==}

  domhandler@5.0.3:
    resolution: {integrity: sha512-cgwlv/1iFQiFnU96XXgROh8xTeetsnJiDsTc7TYCLFd9+/WNkIqPTxiM/8pSd8VIrhXGTf1Ny1q1hquVqDJB5w==}
    engines: {node: '>= 4'}

  domutils@3.2.2:
    resolution: {integrity: sha512-6kZKyUajlDuqlHKVX1w7gyslj9MPIXzIFiz/rGu35uC1wMi+kMhQwGhl4lt9unC9Vb9INnY9Z3/ZA3+FhASLaw==}

  electron-to-chromium@1.5.371:
    resolution: {integrity: sha512-e9htk9mAYL6AzmkEhSvVVw7IWGSBJ/Bqdn2eRyRLrj1g6sncN4WbFt5qnILYoCktktr45pyjIrOiRvBThQ808w==}

  emoji-regex@8.0.0:
    resolution: {integrity: sha512-MSjYzcWNOA0ewAHpz0MxpYFvwg6yjy1NG3xteoqz644VCo/RPgnr1/GGt+ic3iJTzQ8Eu3TdM14SawnVUmGE6A==}

  entities@4.5.0:
    resolution: {integrity: sha512-V0hjH4dGPh9Ao5p0MoRY6BVqtwCjhz6vI5LT8AJ55H+4g9/4vbHx1I54fS0XuclLhDHArPQCiMjDxjaL8fPxhw==}
    engines: {node: '>=0.12'}

  escalade@3.2.0:
    resolution: {integrity: sha512-WUj2qlxaQtO4g6Pq5c29GTcWGDyd8itL8zTlipgECz3JesAiiOKotd8JU6otB3PACgG6xkJUyVhboMS+bje/jA==}
    engines: {node: '>=6'}

  fdir@6.5.0:
    resolution: {integrity: sha512-tIbYtZbucOs0BRGqPJkshJUYdL+SDH7dVM8gjy+ERp3WAUjLEFJE+02kanyHtwjWOnwrKYBiwAmM0p4kLJAnXg==}
    engines: {node: '>=12.0.0'}
    peerDependencies:
      picomatch: ^3 || ^4
    peerDependenciesMeta:
      picomatch:
        optional: true

  fill-range@7.1.1:
    resolution: {integrity: sha512-YsGpe3WHLK8ZYi4tWDg2Jy3ebRz2rXowDxnld4bkQB00cc/1Zw9AWnC0i9ztDJitivtQvaI9KaLyKrc+hBW0yg==}
    engines: {node: '>=8'}

  fs-extra@11.3.4:
    resolution: {integrity: sha512-CTXd6rk/M3/ULNQj8FBqBWHYBVYybQ3VPBw0xGKFe3tuH7ytT6ACnvzpIQ3UZtB8yvUKC2cXn1a+x+5EVQLovA==}
    engines: {node: '>=14.14'}

  fsevents@2.3.3:
    resolution: {integrity: sha512-5xoDfX+fL7faATnagmWPpbFtwh/R77WmMMqqHGS65C3vvB0YHrgF+B1YmZ3441tMj5n63k0212XNoJwzlhffQw==}
    engines: {node: ^8.16.0 || ^10.6.0 || >=11.0.0}
    os: [darwin]

  get-caller-file@2.0.5:
    resolution: {integrity: sha512-DyFP3BM/3YHTQOCUL/w0OZHR0lpKeGrxotcHWcqNEdnltqFwXVfhEBQ94eIo34AfQpo0rGki4cyIiftY06h2Fg==}
    engines: {node: 6.* || 8.* || >= 10.*}

  glob-parent@5.1.2:
    resolution: {integrity: sha512-AOIgSQCepiJYwP3ARnGx+5VnTu2HBYdzbGP45eLw1vr3zB3vZLeyed1sC9hnbcOc9/SrMyM5RPQrkGz4aS9Zow==}
    engines: {node: '>= 6'}

  graceful-fs@4.2.11:
    resolution: {integrity: sha512-RbJ5/jmFcNNCcDV5o9eTnBLJ/HszWV0P73bc+Ff4nS/rJj+YaS6IGyiOL0VoBYX+l1Wrl3k63h/KrH+nhJ0XvQ==}

  is-binary-path@2.1.0:
    resolution: {integrity: sha512-ZMERYes6pDydyuGidse7OsHxtbI7WVeUEozgR/g7rd0xUimYNlvZRE/K2MgZTjWy725IfelLeVcEM97mmtRGXw==}
    engines: {node: '>=8'}

  is-extglob@2.1.1:
    resolution: {integrity: sha512-SbKbANkN603Vi4jEZv49LeVJMn4yGwsbzZworEoyEiutsN3nJYdbO36zfhGJ6QEDpOZIFkDtnq5JRxmvl3jsoQ==}
    engines: {node: '>=0.10.0'}

  is-fullwidth-code-point@3.0.0:
    resolution: {integrity: sha512-zymm5+u+sCsSWyD9qNaejV3DFvhCKclKdizYaJUuHA83RLjb7nSuGnddCHGv0hk+KY7BMAlsWeK4Ueg6EV6XQg==}
    engines: {node: '>=8'}

  is-glob@4.0.3:
    resolution: {integrity: sha512-xelSayHH36ZgE7ZWhli7pW34hNbNl8Ojv5KVmkJD4hBdD3th8Tfk9vYasLM+mXWOZhFkgZfxhLSnrwRr4elSSg==}
    engines: {node: '>=0.10.0'}

  is-number@7.0.0:
    resolution: {integrity: sha512-41Cifkg6e8TylSpdtTpeLVMqvSBEVzTttHvERD741+pnZ8ANv0004MRL43QKPDlK9cGvNp6NZWZUBlbGXYxxng==}
    engines: {node: '>=0.12.0'}

  jsonfile@6.2.0:
    resolution: {integrity: sha512-FGuPw30AdOIUTRMC2OMRtQV+jkVj2cfPqSeWXv1NEAJ1qZ5zb1X6z1mFhbfOB/iy3ssJCD+3KuZ8r8C3uVFlAg==}

  lilconfig@3.1.3:
    resolution: {integrity: sha512-/vlFKAoH5Cgt3Ie+JLhRbwOsCQePABiU3tJ1egGvyQ+33R/vcwM2Zl2QR/LzjsBeItPt3oSVXapn+m4nQDvpzw==}
    engines: {node: '>=14'}

  mdn-data@2.0.28:
    resolution: {integrity: sha512-aylIc7Z9y4yzHYAJNuESG3hfhC+0Ibp/MAMiaOZgNv4pmEdFyfZhhhny4MNiAfWdBQ1RQ2mfDWmM1x8SvGyp8g==}

  mdn-data@2.27.1:
    resolution: {integrity: sha512-9Yubnt3e8A0OKwxYSXyhLymGW4sCufcLG6VdiDdUGVkPhpqLxlvP5vl1983gQjJl3tqbrM731mjaZaP68AgosQ==}

  nanoid@3.3.16:
    resolution: {integrity: sha512-bzlKTyNJ7+LdGIIwy8ijFpIqEQIvafahV7eYykJ8Cvh42EdJeODoJ6gUJXpQJvej1BddH8OqTXZNE/KfbWAu8Q==}
    engines: {node: ^10 || ^12 || ^13.7 || ^14 || >=15.0.1}
    hasBin: true

  node-releases@2.0.47:
    resolution: {integrity: sha512-Uzmd6LXpouKo8EUK68IjH4+E01w/hXyV3R3g/geCJo+rXLNfh1xucB+LOzYEOQPSiUK3h/xZf0cQGcSsmyL2Og==}
    engines: {node: '>=18'}

  normalize-path@3.0.0:
    resolution: {integrity: sha512-6eZs5Ls3WtCisHWp9S2GUy8dqkpGi4BVSz3GaqiE6ezub0512ESztXUwUB6C6IKbQkY2Pnb/mD4WYojCRwcwLA==}
    engines: {node: '>=0.10.0'}

  nth-check@2.1.1:
    resolution: {integrity: sha512-lqjrjmaOoAnWfMmBPL+XNnynZh2+swxiX3WUE0s4yEHI6m+AwrK2UZOimIRl3X/4QctVqS8AiZjFqyOGrMXb/w==}

  picocolors@1.1.1:
    resolution: {integrity: sha512-xceH2snhtb5M9liqDsmEw56le376mTZkEX/jEb/RxNFyegNul7eNslCXP9FDj/Lcu0X8KEyMceP2ntpaHrDEVA==}

  picomatch@2.3.2:
    resolution: {integrity: sha512-V7+vQEJ06Z+c5tSye8S+nHUfI51xoXIXjHQ99cQtKUkQqqO1kO/KCJUfZXuB47h/YBlDhah2H3hdUGXn8ie0oA==}
    engines: {node: '>=8.6'}

  picomatch@4.0.4:
    resolution: {integrity: sha512-QP88BAKvMam/3NxH6vj2o21R6MjxZUAd6nlwAS/pnGvN9IVLocLHxGYIzFhg6fUQ+5th6P4dv4eW9jX3DSIj7A==}
    engines: {node: '>=12'}

  pify@2.3.0:
    resolution: {integrity: sha512-udgsAY+fTnvv7kI7aaxbqwWNb0AHiB0qBO89PZKPkoTmGOgdbrHDKD+0B2X4uTfJ/FT1R09r9gTsjUjNJotuog==}
    engines: {node: '>=0.10.0'}

  postcss-calc@10.1.1:
    resolution: {integrity: sha512-NYEsLHh8DgG/PRH2+G9BTuUdtf9ViS+vdoQ0YA5OQdGsfN4ztiwtDWNtBl9EKeqNMFnIu8IKZ0cLxEQ5r5KVMw==}
    engines: {node: ^18.12 || ^20.9 || >=22.0}
    peerDependencies:
      postcss: ^8.4.38

  postcss-cli@11.0.1:
    resolution: {integrity: sha512-0UnkNPSayHKRe/tc2YGW6XnSqqOA9eqpiRMgRlV1S6HdGi16vwJBx7lviARzbV1HpQHqLLRH3o8vTcB0cLc+5g==}
    engines: {node: '>=18'}
    hasBin: true
    peerDependencies:
      postcss: ^8.0.0

  postcss-colormin@8.0.1:
    resolution: {integrity: sha512-qBY4ABQ6d8/mk5RRZHwMllrZMxeMey3azVY2dZUEk+RgiUC4ARdPR3/AITzNqqKTbvW/3y/MJKinDrzwqn8RDQ==}
    engines: {node: ^22.11.0 || ^24.11.0 || >=26.0}
    peerDependencies:
      postcss: ^8.5.15

  postcss-convert-values@8.0.1:
    resolution: {integrity: sha512-IdOSIX3BzfMvCc1TAHIha2gfy17xnb5vfML8e2BIKARnFOghksESfaSAB/3CXgyLfMozZAbTRPVQF5dbuKOidw==}
    engines: {node: ^22.11.0 || ^24.11.0 || >=26.0}
    peerDependencies:
      postcss: ^8.5.15

  postcss-discard-comments@8.0.1:
    resolution: {integrity: sha512-FDvzm3tXlEsQBO2XQgnta5ugsAqwBrgWH+j5QgXpegEIDYA0VPnZg2aP7LtmWtC49POskeIhXesFiU/k3NyFHA==}
    engines: {node: ^22.11.0 || ^24.11.0 || >=26.0}
    peerDependencies:
      postcss: ^8.5.15

  postcss-discard-duplicates@8.0.1:
    resolution: {integrity: sha512-stTDXkI8YkCUfADurQhp03oq5ynsgSx6Qrw5B1swds6oTHtAeOZ9I0SHGK8cY/VpWUsIYFDWMs3IWf9jIEfFvA==}
    engines: {node: ^22.11.0 || ^24.11.0 || >=26.0}
    peerDependencies:
      postcss: ^8.5.15

  postcss-discard-empty@8.0.1:
    resolution: {integrity: sha512-Zv4fM1Yfhk71tbt6gfiptbL6jDHi+7apSnaMeaO9n1uET+1embrXQw5m93Zp5x28UyQSuv+AVkFY193jdwZ33w==}
    engines: {node: ^22.11.0 || ^24.11.0 || >=26.0}
    peerDependencies:
      postcss: ^8.5.15

  postcss-discard-overridden@8.0.1:
    resolution: {integrity: sha512-ykt4fvrC7yYGzbxKyqBVjDCbsjF/11JgWK8enrdkobRyqqEtb/uDUCbKOGdvrK8X7BrShW8Lv5cCRNbdkNHGkQ==}
    engines: {node: ^22.11.0 || ^24.11.0 || >=26.0}
    peerDependencies:
      postcss: ^8.5.15

  postcss-load-config@5.1.0:
    resolution: {integrity: sha512-G5AJ+IX0aD0dygOE0yFZQ/huFFMSNneyfp0e3/bT05a8OfPC5FUoZRPfGijUdGOJNMewJiwzcHJXFafFzeKFVA==}
    engines: {node: '>= 18'}
    peerDependencies:
      jiti: '>=1.21.0'
      postcss: '>=8.0.9'
      tsx: ^4.8.1
    peerDependenciesMeta:
      jiti:
        optional: true
      postcss:
        optional: true
      tsx:
        optional: true

  postcss-merge-longhand@8.0.1:
    resolution: {integrity: sha512-huTfSYgQ13O81SFvAuOi7GWnO48vvybjj3xF+X3qUoPjzvvaLpJH5DcUqqXcwOEulZUcvaV4s0V9WtWs+IAQPA==}
    engines: {node: ^22.11.0 || ^24.11.0 || >=26.0}
    peerDependencies:
      postcss: ^8.5.15

  postcss-merge-rules@8.0.1:
    resolution: {integrity: sha512-o3rk4UpnPNg469tklYwbR/NtvKc/f/wJiVDTnNQ/EFPw/LeiPOHUCvV1GIBQIZHGrBAYdPjToK6a+ojYprsrxQ==}
    engines: {node: ^22.11.0 || ^24.11.0 || >=26.0}
    peerDependencies:
      postcss: ^8.5.15

  postcss-minify-font-values@8.0.1:
    resolution: {integrity: sha512-L8Nzs/PRlBSPrLdY/7rAiU5ZN5800+2J/4LRbfyG8SJnPljmgMaXVmQiCklvRS+yObfVRNtvmk/Ean/eoYcSeg==}
    engines: {node: ^22.11.0 || ^24.11.0 || >=26.0}
    peerDependencies:
      postcss: ^8.5.15

  postcss-minify-gradients@8.0.1:
    resolution: {integrity: sha512-qf+4s/hZMqTwpWN2teqf6+1yvR/SZK5HgHqXYuACeJXV7ABe7AXtBEomgxagUzcN4bSnmqBh5vnIml0dYqykYg==}
    engines: {node: ^22.11.0 || ^24.11.0 || >=26.0}
    peerDependencies:
      postcss: ^8.5.15

  postcss-minify-params@8.0.1:
    resolution: {integrity: sha512-L0h3H59deFfFg0wQN1NVaS/8E/LfGvaMuZKGO7siwlG995zo3OshtQyRkqKdVqcBwAORBvZ1nDZrKPLRapYkQw==}
    engines: {node: ^22.11.0 || ^24.11.0 || >=26.0}
    peerDependencies:
      postcss: ^8.5.15

  postcss-minify-selectors@8.0.2:
    resolution: {integrity: sha512-3icdxc/zght5UAizdwqZBDE2KOWHf1jMQCxET6iLACeNlRxfTPyXS0/COpGk8CQ2cECyaEKTRUd/i/k8Gxmz4g==}
    engines: {node: ^22.11.0 || ^24.11.0 || >=26.0}
    peerDependencies:
      postcss: ^8.5.15

  postcss-nesting@14.0.0:
    resolution: {integrity: sha512-YGFOfVrjxYfeGTS5XctP1WCI5hu8Lr9SmntjfRC+iX5hCihEO+QZl9Ra+pkjqkgoVdDKvb2JccpElcowhZtzpw==}
    engines: {node: '>=20.19.0'}
    peerDependencies:
      postcss: ^8.4

  postcss-normalize-charset@8.0.1:
    resolution: {integrity: sha512-xzqr36F8UeIZOvOHsf3aul+RVJCADvSwuwpMLgizqKjisHZpBfztgW0XFLBfJvz9pJgaStaOXAtGb0zLqT6B0w==}
    engines: {node: ^22.11.0 || ^24.11.0 || >=26.0}
    peerDependencies:
      postcss: ^8.5.15

  postcss-normalize-display-values@8.0.1:
    resolution: {integrity: sha512-ZDWOijOK1FFMlpgiQCUO9fCNKd7HJ9L7z9HWEq4iyubnUFWzdTSwm/LcrMbNW6iZ1oAtqeLYA0WA3xHszOI08g==}
    engines: {node: ^22.11.0 || ^24.11.0 || >=26.0}
    peerDependencies:
      postcss: ^8.5.15

  postcss-normalize-positions@8.0.1:
    resolution: {integrity: sha512-uuivan2poSqbE48ST4do20dGaFUeXey9/H8rhHzoyVHB2I6BmkoVLZ/C9+BRjUlpaAFYVOoDY7epkiidzaYbvA==}
    engines: {node: ^22.11.0 || ^24.11.0 || >=26.0}
    peerDependencies:
      postcss: ^8.5.15

  postcss-normalize-repeat-style@8.0.1:
    resolution: {integrity: sha512-q2hq5fmKxk29K6DjKA3nZ17Q2dtjhLYFNmFweKALmooUqx6UWAHF1bBoWTu/EqlJ88josb82A/J0Atj9LJUmpQ==}
    engines: {node: ^22.11.0 || ^24.11.0 || >=26.0}
    peerDependencies:
      postcss: ^8.5.15

  postcss-normalize-string@8.0.1:
    resolution: {integrity: sha512-+Wf+kQJhm1WgSGEAuUaswE9rdpR9QbrKRVemcVHs6rhOoOTVIdAbgaicftfYA6vLM346P8onRzkEVbFN29ktKQ==}
    engines: {node: ^22.11.0 || ^24.11.0 || >=26.0}
    peerDependencies:
      postcss: ^8.5.15

  postcss-normalize-timing-functions@8.0.1:
    resolution: {integrity: sha512-W8/tvwRlm3T+yjGkg0IRTF4bvHj0vILYr/LOogCrJKHz2ey2HFRwfsAA8Bk9N4BGR7z7WmmDu/KzzwhJ6FoGPQ==}
    engines: {node: ^22.11.0 || ^24.11.0 || >=26.0}
    peerDependencies:
      postcss: ^8.5.15

  postcss-normalize-unicode@8.0.1:
    resolution: {integrity: sha512-Ad0YHNRBp4WHEOYUM/4wL/8MoL2fimEF8se/0q+Rt/owMzYpbxsypC1P8fN/oluwoRmRKdNVX7X2oycEobPWcQ==}
    engines: {node: ^22.11.0 || ^24.11.0 || >=26.0}
    peerDependencies:
      postcss: ^8.5.15

  postcss-normalize-url@8.0.1:
    resolution: {integrity: sha512-tkYcip6pCDY806xuxpJYqMW2M3/623jzGFJmz3m5Us47q8P28+gbRZxaea3Rr/CmwwLUiVlh+BTGYwQ6gvaP8A==}
    engines: {node: ^22.11.0 || ^24.11.0 || >=26.0}
    peerDependencies:
      postcss: ^8.5.15

  postcss-normalize-whitespace@8.0.1:
    resolution: {integrity: sha512-XzORadNfSrKWDZZpgAEHPKINKx8r9r9RIfE9c70g/HThdpbmPHhDYCodHSVESDxmKeySAYw1p4liuBCf7j6LyA==}
    engines: {node: ^22.11.0 || ^24.11.0 || >=26.0}
    peerDependencies:
      postcss: ^8.5.15

  postcss-ordered-values@8.0.1:
    resolution: {integrity: sha512-OLXq5lR1yk3KWQ1FPK6aWjFFdktHE9f9kb8cnt4LmIw7w30DnzgD9+sOVYJc5HenkWCX8i1MJhhFwmqc/GYqLg==}
    engines: {node: ^22.11.0 || ^24.11.0 || >=26.0}
    peerDependencies:
      postcss: ^8.5.15

  postcss-reduce-initial@8.0.1:
    resolution: {integrity: sha512-+aQsR6+61KRoIfcFNLP3v9RM7+0iYOTtPnjl1wr6JqMW1zx6S+t2ktHRefXwacFdHIDj5+ETG0KY7K3+SGQ4Nw==}
    engines: {node: ^22.11.0 || ^24.11.0 || >=26.0}
    peerDependencies:
      postcss: ^8.5.15

  postcss-reduce-transforms@8.0.1:
    resolution: {integrity: sha512-x71slHVykiFi5RuKEXM0wgYpY2PngC78x6R8TnZhHF3lhqt+u/w3MGwYLX+2t5O87ssRiMfEAhQH+3J4QwVzCw==}
    engines: {node: ^22.11.0 || ^24.11.0 || >=26.0}
    peerDependencies:
      postcss: ^8.5.15

  postcss-reporter@7.1.0:
    resolution: {integrity: sha512-/eoEylGWyy6/DOiMP5lmFRdmDKThqgn7D6hP2dXKJI/0rJSO1ADFNngZfDzxL0YAxFvws+Rtpuji1YIHj4mySA==}
    engines: {node: '>=10'}
    peerDependencies:
      postcss: ^8.1.0

  postcss-selector-parser@7.1.1:
    resolution: {integrity: sha512-orRsuYpJVw8LdAwqqLykBj9ecS5/cRHlI5+nvTo8LcCKmzDmqVORXtOIYEEQuL9D4BxtA1lm5isAqzQZCoQ6Eg==}
    engines: {node: '>=4'}

  postcss-selector-parser@7.1.3:
    resolution: {integrity: sha512-ajnd7iZnqjJDkyHNfznl/ZVO0lWqvBmQXfKKENx9/p/bEiF/L3eHwdydNUg9RXZx6xfZWOCmXmBa5oeB+YrAPQ==}
    engines: {node: '>=4'}

  postcss-svgo@8.0.1:
    resolution: {integrity: sha512-HpnvWii7W0/FPrsejJa6ZTi0kNtTJP/Iba7CUMPX0xPV6QpnndOp+SDP74tFtgjA2cYKYNWJPOlmLXMsvi/9yA==}
    engines: {node: ^22.11.0 || ^24.11.0 || >=26.0}
    peerDependencies:
      postcss: ^8.5.15

  postcss-unique-selectors@8.0.1:
    resolution: {integrity: sha512-+xvKI5+/Cl8yYQwxDV39Uhuc4WV951xngFvPPjiPj2NIbIfm6vbbRTXblyw0FioLkIoGlw+7qUcY1h2YhaZYgw==}
    engines: {node: ^22.11.0 || ^24.11.0 || >=26.0}
    peerDependencies:
      postcss: ^8.5.15

  postcss-value-parser@4.2.0:
    resolution: {integrity: sha512-1NNCs6uurfkVbeXG4S8JFT9t19m45ICnif8zWLd5oPSZ50QnwMfK+H3jv408d4jw/7Bttv5axS5IiHoLaVNHeQ==}

  postcss@8.5.20:
    resolution: {integrity: sha512-lW616l85ucIQL+FocMmL7pQFPqBmwejrCMg+iPxyImlrANNJG9NHq/RkyCZopDhd8C3LA03PHRJDjkbGu8vvug==}
    engines: {node: ^10 || ^12 || >=14}

  pretty-hrtime@1.0.3:
    resolution: {integrity: sha512-66hKPCr+72mlfiSjlEB1+45IjXSqvVAIy6mocupoww4tBFE9R9IhwwUGoI4G++Tc9Aq+2rxOt0RFU6gPcrte0A==}
    engines: {node: '>= 0.8'}

  read-cache@1.0.0:
    resolution: {integrity: sha512-Owdv/Ft7IjOgm/i0xvNDZ1LrRANRfew4b2prF3OWMQLxLfu3bS8FVhCsrSCMK4lR56Y9ya+AThoTpDCTxCmpRA==}

  readdirp@3.6.0:
    resolution: {integrity: sha512-hOS089on8RduqdbhvQ5Z37A0ESjsqz6qnRcffsMU3495FuTdqSm+7bhJ29JvIOsBDEEnan5DPu9t3To9VRlMzA==}
    engines: {node: '>=8.10.0'}

  require-directory@2.1.1:
    resolution: {integrity: sha512-fGxEI7+wsG9xrvdjsrlmL22OMTTiHRwAMroiEeMgq8gzoLC/PQr7RsRDSTLUg/bZAZtF+TVIkHc6/4RIKrui+Q==}
    engines: {node: '>=0.10.0'}

  sax@1.6.0:
    resolution: {integrity: sha512-6R3J5M4AcbtLUdZmRv2SygeVaM7IhrLXu9BmnOGmmACak8fiUtOsYNWUS4uK7upbmHIBbLBeFeI//477BKLBzA==}
    engines: {node: '>=11.0.0'}

  slash@5.1.0:
    resolution: {integrity: sha512-ZA6oR3T/pEyuqwMgAKT0/hAv8oAXckzbkmR0UkUosQ+Mc4RxGoJkRmwHgHufaenlyAgE1Mxgpdcrf75y6XcnDg==}
    engines: {node: '>=14.16'}

  source-map-js@1.2.1:
    resolution: {integrity: sha512-UXWMKhLOwVKb728IUtQPXxfYU+usdybtUrK/8uGE8CQMvrhOpwvzDBwj0QhSL7MQc7vIsISBG8VQ8+IDQxpfQA==}
    engines: {node: '>=0.10.0'}

  string-width@4.2.3:
    resolution: {integrity: sha512-wKyQRQpjJ0sIp62ErSZdGsjMJWsap5oRNihHhu6G7JVO/9jIB6UyevL+tXuOqrng8j/cxKTWyWUwvSTriiZz/g==}
    engines: {node: '>=8'}

  strip-ansi@6.0.1:
    resolution: {integrity: sha512-Y38VPSHcqkFrCpFnQ9vuSXmquuv5oXOKpGeT6aGrr3o3Gc9AlVa6JBfUSOCnbxGGZF+/0ooI7KrPuUSztUdU5A==}
    engines: {node: '>=8'}

  stylehacks@8.0.1:
    resolution: {integrity: sha512-Gv095oTD0N+BdJALNFDsxZpETHZLTxbOl5RyIO7y6VAE6sR3z0MnV3Nix7N0IATNldNTrkvSASp2KR1Yt526HA==}
    engines: {node: ^22.11.0 || ^24.11.0 || >=26.0}
    peerDependencies:
      postcss: ^8.5.15

  svgo@4.0.1:
    resolution: {integrity: sha512-XDpWUOPC6FEibaLzjfe0ucaV0YrOjYotGJO1WpF0Zd+n6ZGEQUsSugaoLq9QkEZtAfQIxT42UChcssDVPP3+/w==}
    engines: {node: '>=16'}
    hasBin: true

  thenby@1.3.4:
    resolution: {integrity: sha512-89Gi5raiWA3QZ4b2ePcEwswC3me9JIg+ToSgtE0JWeCynLnLxNr/f9G+xfo9K+Oj4AFdom8YNJjibIARTJmapQ==}

  tinyglobby@0.2.15:
    resolution: {integrity: sha512-j2Zq4NyQYG5XMST4cbs02Ak8iJUdxRM0XI5QyxXuZOzKOINmWurp3smXu3y5wDcJrptwpSjgXHzIQxR0omXljQ==}
    engines: {node: '>=12.0.0'}

  to-regex-range@5.0.1:
    resolution: {integrity: sha512-65P7iz6X5yEr1cwcgvQxbbIw7Uk3gOy5dIdtZ4rDveLqhrdJP+Li/Hx6tyK0NEb+2GCyneCMJiGqrADCSNk8sQ==}
    engines: {node: '>=8.0'}

  universalify@2.0.1:
    resolution: {integrity: sha512-gptHNQghINnc/vTGIk0SOFGFNXw7JVrlRUtConJRlvaw6DuX0wO5Jeko9sWrMBhh+PsYAZ7oXAiOnf/UKogyiw==}
    engines: {node: '>= 10.0.0'}

  update-browserslist-db@1.2.3:
    resolution: {integrity: sha512-Js0m9cx+qOgDxo0eMiFGEueWztz+d4+M3rGlmKPT+T4IS/jP4ylw3Nwpu6cpTTP8R1MAC1kF4VbdLt3ARf209w==}
    hasBin: true
    peerDependencies:
      browserslist: '>= 4.21.0'

  util-deprecate@1.0.2:
    resolution: {integrity: sha512-EPD5q1uXyFxJpCrLnCc1nHnq3gOa6DZBocAIiI2TaSCA7VCJ1UJDMagCzIkXNsUYfD1daK//LTEQ8xiIbrHtcw==}

  wrap-ansi@7.0.0:
    resolution: {integrity: sha512-YVGIj2kamLSTxw6NsZjoBxfSwsn0ycdesmc4p+Q21c5zPuZ1pl+NfxVdxPtdHvmNVOQ6XSYG4AUtyt/Fi7D16Q==}
    engines: {node: '>=10'}

  y18n@5.0.8:
    resolution: {integrity: sha512-0pfFzegeDWJHJIAmTLRP2DwHjdF5s7jo9tuztdQxAhINCdvS+3nGINqPd00AphqJR/0LhANUS6/+7SCb98YOfA==}
    engines: {node: '>=10'}

  yaml@2.8.3:
    resolution: {integrity: sha512-AvbaCLOO2Otw/lW5bmh9d/WEdcDFdQp2Z2ZUH3pX9U2ihyUY0nvLv7J6TrWowklRGPYbB/IuIMfYgxaCPg5Bpg==}
    engines: {node: '>= 14.6'}
    hasBin: true

  yargs-parser@21.1.1:
    resolution: {integrity: sha512-tVpsJW7DdjecAiFpbIB1e3qxIQsE6NoPc5/eTdrbbIC4h0LVsWhnoa3g+m2HclBIujHzsxZ4VJVA+GUuc2/LBw==}
    engines: {node: '>=12'}

  yargs@17.7.2:
    resolution: {integrity: sha512-7dSzzRQ++CKnNI/krKnYRV7JKKPUXMEh61soaHKg9mrWEhzFWhFnxPxGl+69cD1Ou63C13NUPCnmIcrvqCuM6w==}
    engines: {node: '>=12'}

snapshots:

  '@colordx/core@5.4.3': {}

  '@csstools/selector-resolve-nested@4.0.0(postcss-selector-parser@7.1.1)':
    dependencies:
      postcss-selector-parser: 7.1.1

  '@csstools/selector-specificity@6.0.0(postcss-selector-parser@7.1.1)':
    dependencies:
      postcss-selector-parser: 7.1.1

  ansi-regex@5.0.1: {}

  ansi-styles@4.3.0:
    dependencies:
      color-convert: 2.0.1

  anymatch@3.1.3:
    dependencies:
      normalize-path: 3.0.0
      picomatch: 2.3.2

  baseline-browser-mapping@2.10.35: {}

  binary-extensions@2.3.0: {}

  boolbase@1.0.0: {}

  braces@3.0.3:
    dependencies:
      fill-range: 7.1.1

  browserslist@4.28.2:
    dependencies:
      baseline-browser-mapping: 2.10.35
      caniuse-lite: 1.0.30001799
      electron-to-chromium: 1.5.371
      node-releases: 2.0.47
      update-browserslist-db: 1.2.3(browserslist@4.28.2)

  caniuse-api@4.0.0:
    dependencies:
      browserslist: 4.28.2
      caniuse-lite: 1.0.30001799

  caniuse-lite@1.0.30001799: {}

  chokidar@3.6.0:
    dependencies:
      anymatch: 3.1.3
      braces: 3.0.3
      glob-parent: 5.1.2
      is-binary-path: 2.1.0
      is-glob: 4.0.3
      normalize-path: 3.0.0
      readdirp: 3.6.0
    optionalDependencies:
      fsevents: 2.3.3

  cliui@8.0.1:
    dependencies:
      string-width: 4.2.3
      strip-ansi: 6.0.1
      wrap-ansi: 7.0.0

  color-convert@2.0.1:
    dependencies:
      color-name: 1.1.4

  color-name@1.1.4: {}

  commander@11.1.0: {}

  css-select@5.2.2:
    dependencies:
      boolbase: 1.0.0
      css-what: 6.2.2
      domhandler: 5.0.3
      domutils: 3.2.2
      nth-check: 2.1.1

  css-tree@2.2.1:
    dependencies:
      mdn-data: 2.0.28
      source-map-js: 1.2.1

  css-tree@3.2.1:
    dependencies:
      mdn-data: 2.27.1
      source-map-js: 1.2.1

  css-what@6.2.2: {}

  cssesc@3.0.0: {}

  cssnano-preset-default@8.0.2(postcss@8.5.20):
    dependencies:
      browserslist: 4.28.2
      cssnano-utils: 6.0.1(postcss@8.5.20)
      postcss: 8.5.20
      postcss-calc: 10.1.1(postcss@8.5.20)
      postcss-colormin: 8.0.1(postcss@8.5.20)
      postcss-convert-values: 8.0.1(postcss@8.5.20)
      postcss-discard-comments: 8.0.1(postcss@8.5.20)
      postcss-discard-duplicates: 8.0.1(postcss@8.5.20)
      postcss-discard-empty: 8.0.1(postcss@8.5.20)
      postcss-discard-overridden: 8.0.1(postcss@8.5.20)
      postcss-merge-longhand: 8.0.1(postcss@8.5.20)
      postcss-merge-rules: 8.0.1(postcss@8.5.20)
      postcss-minify-font-values: 8.0.1(postcss@8.5.20)
      postcss-minify-gradients: 8.0.1(postcss@8.5.20)
      postcss-minify-params: 8.0.1(postcss@8.5.20)
      postcss-minify-selectors: 8.0.2(postcss@8.5.20)
      postcss-normalize-charset: 8.0.1(postcss@8.5.20)
      postcss-normalize-display-values: 8.0.1(postcss@8.5.20)
      postcss-normalize-positions: 8.0.1(postcss@8.5.20)
      postcss-normalize-repeat-style: 8.0.1(postcss@8.5.20)
      postcss-normalize-string: 8.0.1(postcss@8.5.20)
      postcss-normalize-timing-functions: 8.0.1(postcss@8.5.20)
      postcss-normalize-unicode: 8.0.1(postcss@8.5.20)
      postcss-normalize-url: 8.0.1(postcss@8.5.20)
      postcss-normalize-whitespace: 8.0.1(postcss@8.5.20)
      postcss-ordered-values: 8.0.1(postcss@8.5.20)
      postcss-reduce-initial: 8.0.1(postcss@8.5.20)
      postcss-reduce-transforms: 8.0.1(postcss@8.5.20)
      postcss-svgo: 8.0.1(postcss@8.5.20)
      postcss-unique-selectors: 8.0.1(postcss@8.5.20)

  cssnano-utils@6.0.1(postcss@8.5.20):
    dependencies:
      postcss: 8.5.20

  cssnano@8.0.2(postcss@8.5.20):
    dependencies:
      cssnano-preset-default: 8.0.2(postcss@8.5.20)
      lilconfig: 3.1.3
      postcss: 8.5.20

  csso@5.0.5:
    dependencies:
      css-tree: 2.2.1

  dependency-graph@1.0.0: {}

  dom-serializer@2.0.0:
    dependencies:
      domelementtype: 2.3.0
      domhandler: 5.0.3
      entities: 4.5.0

  domelementtype@2.3.0: {}

  domhandler@5.0.3:
    dependencies:
      domelementtype: 2.3.0

  domutils@3.2.2:
    dependencies:
      dom-serializer: 2.0.0
      domelementtype: 2.3.0
      domhandler: 5.0.3

  electron-to-chromium@1.5.371: {}

  emoji-regex@8.0.0: {}

  entities@4.5.0: {}

  escalade@3.2.0: {}

  fdir@6.5.0(picomatch@4.0.4):
    optionalDependencies:
      picomatch: 4.0.4

  fill-range@7.1.1:
    dependencies:
      to-regex-range: 5.0.1

  fs-extra@11.3.4:
    dependencies:
      graceful-fs: 4.2.11
      jsonfile: 6.2.0
      universalify: 2.0.1

  fsevents@2.3.3:
    optional: true

  get-caller-file@2.0.5: {}

  glob-parent@5.1.2:
    dependencies:
      is-glob: 4.0.3

  graceful-fs@4.2.11: {}

  is-binary-path@2.1.0:
    dependencies:
      binary-extensions: 2.3.0

  is-extglob@2.1.1: {}

  is-fullwidth-code-point@3.0.0: {}

  is-glob@4.0.3:
    dependencies:
      is-extglob: 2.1.1

  is-number@7.0.0: {}

  jsonfile@6.2.0:
    dependencies:
      universalify: 2.0.1
    optionalDependencies:
      graceful-fs: 4.2.11

  lilconfig@3.1.3: {}

  mdn-data@2.0.28: {}

  mdn-data@2.27.1: {}

  nanoid@3.3.16: {}

  node-releases@2.0.47: {}

  normalize-path@3.0.0: {}

  nth-check@2.1.1:
    dependencies:
      boolbase: 1.0.0

  picocolors@1.1.1: {}

  picomatch@2.3.2: {}

  picomatch@4.0.4: {}

  pify@2.3.0: {}

  postcss-calc@10.1.1(postcss@8.5.20):
    dependencies:
      postcss: 8.5.20
      postcss-selector-parser: 7.1.3
      postcss-value-parser: 4.2.0

  postcss-cli@11.0.1(postcss@8.5.20):
    dependencies:
      chokidar: 3.6.0
      dependency-graph: 1.0.0
      fs-extra: 11.3.4
      picocolors: 1.1.1
      postcss: 8.5.20
      postcss-load-config: 5.1.0(postcss@8.5.20)
      postcss-reporter: 7.1.0(postcss@8.5.20)
      pretty-hrtime: 1.0.3
      read-cache: 1.0.0
      slash: 5.1.0
      tinyglobby: 0.2.15
      yargs: 17.7.2
    transitivePeerDependencies:
      - jiti
      - tsx

  postcss-colormin@8.0.1(postcss@8.5.20):
    dependencies:
      '@colordx/core': 5.4.3
      browserslist: 4.28.2
      caniuse-api: 4.0.0
      postcss: 8.5.20
      postcss-value-parser: 4.2.0

  postcss-convert-values@8.0.1(postcss@8.5.20):
    dependencies:
      browserslist: 4.28.2
      postcss: 8.5.20
      postcss-value-parser: 4.2.0

  postcss-discard-comments@8.0.1(postcss@8.5.20):
    dependencies:
      postcss: 8.5.20
      postcss-selector-parser: 7.1.3

  postcss-discard-duplicates@8.0.1(postcss@8.5.20):
    dependencies:
      postcss: 8.5.20

  postcss-discard-empty@8.0.1(postcss@8.5.20):
    dependencies:
      postcss: 8.5.20

  postcss-discard-overridden@8.0.1(postcss@8.5.20):
    dependencies:
      postcss: 8.5.20

  postcss-load-config@5.1.0(postcss@8.5.20):
    dependencies:
      lilconfig: 3.1.3
      yaml: 2.8.3
    optionalDependencies:
      postcss: 8.5.20

  postcss-merge-longhand@8.0.1(postcss@8.5.20):
    dependencies:
      postcss: 8.5.20
      postcss-value-parser: 4.2.0
      stylehacks: 8.0.1(postcss@8.5.20)

  postcss-merge-rules@8.0.1(postcss@8.5.20):
    dependencies:
      browserslist: 4.28.2
      caniuse-api: 4.0.0
      cssnano-utils: 6.0.1(postcss@8.5.20)
      postcss: 8.5.20
      postcss-selector-parser: 7.1.3

  postcss-minify-font-values@8.0.1(postcss@8.5.20):
    dependencies:
      postcss: 8.5.20
      postcss-value-parser: 4.2.0

  postcss-minify-gradients@8.0.1(postcss@8.5.20):
    dependencies:
      '@colordx/core': 5.4.3
      cssnano-utils: 6.0.1(postcss@8.5.20)
      postcss: 8.5.20
      postcss-value-parser: 4.2.0

  postcss-minify-params@8.0.1(postcss@8.5.20):
    dependencies:
      browserslist: 4.28.2
      cssnano-utils: 6.0.1(postcss@8.5.20)
      postcss: 8.5.20
      postcss-value-parser: 4.2.0

  postcss-minify-selectors@8.0.2(postcss@8.5.20):
    dependencies:
      browserslist: 4.28.2
      caniuse-api: 4.0.0
      cssesc: 3.0.0
      postcss: 8.5.20
      postcss-selector-parser: 7.1.3

  postcss-nesting@14.0.0(postcss@8.5.20):
    dependencies:
      '@csstools/selector-resolve-nested': 4.0.0(postcss-selector-parser@7.1.1)
      '@csstools/selector-specificity': 6.0.0(postcss-selector-parser@7.1.1)
      postcss: 8.5.20
      postcss-selector-parser: 7.1.1

  postcss-normalize-charset@8.0.1(postcss@8.5.20):
    dependencies:
      postcss: 8.5.20

  postcss-normalize-display-values@8.0.1(postcss@8.5.20):
    dependencies:
      postcss: 8.5.20
      postcss-value-parser: 4.2.0

  postcss-normalize-positions@8.0.1(postcss@8.5.20):
    dependencies:
      postcss: 8.5.20
      postcss-value-parser: 4.2.0

  postcss-normalize-repeat-style@8.0.1(postcss@8.5.20):
    dependencies:
      postcss: 8.5.20
      postcss-value-parser: 4.2.0

  postcss-normalize-string@8.0.1(postcss@8.5.20):
    dependencies:
      postcss: 8.5.20
      postcss-value-parser: 4.2.0

  postcss-normalize-timing-functions@8.0.1(postcss@8.5.20):
    dependencies:
      postcss: 8.5.20
      postcss-value-parser: 4.2.0

  postcss-normalize-unicode@8.0.1(postcss@8.5.20):
    dependencies:
      browserslist: 4.28.2
      postcss: 8.5.20
      postcss-value-parser: 4.2.0

  postcss-normalize-url@8.0.1(postcss@8.5.20):
    dependencies:
      postcss: 8.5.20
      postcss-value-parser: 4.2.0

  postcss-normalize-whitespace@8.0.1(postcss@8.5.20):
    dependencies:
      postcss: 8.5.20
      postcss-value-parser: 4.2.0

  postcss-ordered-values@8.0.1(postcss@8.5.20):
    dependencies:
      cssnano-utils: 6.0.1(postcss@8.5.20)
      postcss: 8.5.20
      postcss-value-parser: 4.2.0

  postcss-reduce-initial@8.0.1(postcss@8.5.20):
    dependencies:
      browserslist: 4.28.2
      caniuse-api: 4.0.0
      postcss: 8.5.20

  postcss-reduce-transforms@8.0.1(postcss@8.5.20):
    dependencies:
      postcss: 8.5.20
      postcss-value-parser: 4.2.0

  postcss-reporter@7.1.0(postcss@8.5.20):
    dependencies:
      picocolors: 1.1.1
      postcss: 8.5.20
      thenby: 1.3.4

  postcss-selector-parser@7.1.1:
    dependencies:
      cssesc: 3.0.0
      util-deprecate: 1.0.2

  postcss-selector-parser@7.1.3:
    dependencies:
      cssesc: 3.0.0
      util-deprecate: 1.0.2

  postcss-svgo@8.0.1(postcss@8.5.20):
    dependencies:
      postcss: 8.5.20
      postcss-value-parser: 4.2.0
      svgo: 4.0.1

  postcss-unique-selectors@8.0.1(postcss@8.5.20):
    dependencies:
      postcss: 8.5.20
      postcss-selector-parser: 7.1.3

  postcss-value-parser@4.2.0: {}

  postcss@8.5.20:
    dependencies:
      nanoid: 3.3.16
      picocolors: 1.1.1
      source-map-js: 1.2.1

  pretty-hrtime@1.0.3: {}

  read-cache@1.0.0:
    dependencies:
      pify: 2.3.0

  readdirp@3.6.0:
    dependencies:
      picomatch: 2.3.2

  require-directory@2.1.1: {}

  sax@1.6.0: {}

  slash@5.1.0: {}

  source-map-js@1.2.1: {}

  string-width@4.2.3:
    dependencies:
      emoji-regex: 8.0.0
      is-fullwidth-code-point: 3.0.0
      strip-ansi: 6.0.1

  strip-ansi@6.0.1:
    dependencies:
      ansi-regex: 5.0.1

  stylehacks@8.0.1(postcss@8.5.20):
    dependencies:
      browserslist: 4.28.2
      postcss: 8.5.20
      postcss-selector-parser: 7.1.3

  svgo@4.0.1:
    dependencies:
      commander: 11.1.0
      css-select: 5.2.2
      css-tree: 3.2.1
      css-what: 6.2.2
      csso: 5.0.5
      picocolors: 1.1.1
      sax: 1.6.0

  thenby@1.3.4: {}

  tinyglobby@0.2.15:
    dependencies:
      fdir: 6.5.0(picomatch@4.0.4)
      picomatch: 4.0.4

  to-regex-range@5.0.1:
    dependencies:
      is-number: 7.0.0

  universalify@2.0.1: {}

  update-browserslist-db@1.2.3(browserslist@4.28.2):
    dependencies:
      browserslist: 4.28.2
      escalade: 3.2.0
      picocolors: 1.1.1

  util-deprecate@1.0.2: {}

  wrap-ansi@7.0.0:
    dependencies:
      ansi-styles: 4.3.0
      string-width: 4.2.3
      strip-ansi: 6.0.1

  y18n@5.0.8: {}

  yaml@2.8.3: {}

  yargs-parser@21.1.1: {}

  yargs@17.7.2:
    dependencies:
      cliui: 8.0.1
      escalade: 3.2.0
      get-caller-file: 2.0.5
      require-directory: 2.1.1
      string-width: 4.2.3
      y18n: 5.0.8
      yargs-parser: 21.1.1
