lockfileVersion: '9.0'

settings:
  autoInstallPeers: true
  excludeLinksFromLockfile: false

importers:

  .:
    devDependencies:
      cssnano:
        specifier: ^9.0.0
        version: 9.0.0(postcss@8.5.26)
      postcss:
        specifier: ^8.5.26
        version: 8.5.26
      postcss-cli:
        specifier: ^11.0.1
        version: 11.0.1(postcss@8.5.26)
      postcss-nesting:
        specifier: ^14.0.1
        version: 14.0.1(postcss@8.5.26)
      svgo:
        specifier: ^4.1.0
        version: 4.1.0

packages:

  '@colordx/core@5.6.0':
    resolution: {integrity: sha512-EDlcg/Hmlj1WuFh/Os9YhA+A2aasB2XlgwFfGePUDuW7fVHC07HBi5AFIMx0Ct1eM8kHM9NRyOtZ0MuVYa8xvg==}

  '@csstools/css-parser-algorithms@4.0.0':
    resolution: {integrity: sha512-+B87qS7fIG3L5h3qwJ/IFbjoVoOe/bpOdh9hAjXbvx0o8ImEmUsGXN0inFOnk2ChCFgqkkGFQ+TpM5rbhkKe4w==}
    engines: {node: '>=20.19.0'}
    peerDependencies:
      '@csstools/css-tokenizer': ^4.0.0

  '@csstools/css-tokenizer@4.0.0':
    resolution: {integrity: sha512-QxULHAm7cNu72w97JUNCBFODFaXpbDg+dP8b/oWFAZ2MTRppA3U00Y2L1HqaS4J6yBqxwa/Y3nMBaxVKbB/NsA==}
    engines: {node: '>=20.19.0'}

  '@csstools/selector-resolve-nested@4.0.1':
    resolution: {integrity: sha512-j3vdQu0XwLME5qOTWxm8cnmvsf423R2YL6DbKklCHZwkDm7UdKNu6RPlw4REIJhSlKBICY3B70/7QZdicLqZgg==}
    engines: {node: '>=20.19.0'}
    peerDependencies:
      postcss-selector-parser: ^7.1.1

  '@csstools/selector-specificity@6.0.0':
    resolution: {integrity: sha512-4sSgl78OtOXEX/2d++8A83zHNTgwCJMaR24FvsYL7Uf/VS8HZk9PTwR51elTbGqMuwH3szLvvOXEaVnqn0Z3zA==}
    engines: {node: '>=20.19.0'}
    peerDependencies:
      postcss-selector-parser: ^7.1.1

  ansi-regex@5.0.1:
    resolution: {integrity: sha512-quJQXlTSUGL2LH9SUXo8VwsY4soanhgo6LNSm84E1LBcE8s3O0wpdiRzyR9z/ZZJMlMWv37qOOb9pdJlMUEKFQ==}
    engines: {node: '>=8'}

  ansi-styles@4.3.0:
    resolution: {integrity: sha512-zbB9rCJAT1rbjiVDb2hqKFHNYLxgtk8NURxZ3IZwD3F6NtxbXZQCnnSi1Lkx+IDohdPlFp222wVALIheZJQSEg==}
    engines: {node: '>=8'}

  anymatch@3.1.3:
    resolution: {integrity: sha512-KMReFUr0B4t+D+OBkjR3KYqvocp2XaSzO55UcB6mgQMd3KbcE+mWTyvVV7D/zsdEbNnV6acZUutkiHQXvTr1Rw==}
    engines: {node: '>= 8'}

  baseline-browser-mapping@2.11.20:
    resolution: {integrity: sha512-H0ulySigv6icDJ1F7SjtdCD6PrhTpdYCmP0CactWy1+ekh0AFd0o1Wn5T8b+hnTmdBx19u9yhL6wvCylXMY7zw==}
    engines: {node: '>=6.0.0'}
    hasBin: true

  binary-extensions@2.3.0:
    resolution: {integrity: sha512-Ceh+7ox5qe7LJuLHoY0feh3pHuUDHAcRUeyL2VYghZwfpkNIy/+8Ocg0a3UuSoYzavmylwuLWQOf3hl0jjMMIw==}
    engines: {node: '>=8'}

  boolbase@1.0.0:
    resolution: {integrity: sha512-JZOSA7Mo9sNGB8+UjSgzdLtokWAky1zbztM3WRLCbZ70/3cTANmQmOdR7y2g+J0e2WXywy1yS468tY+IruqEww==}

  braces@3.0.3:
    resolution: {integrity: sha512-yQbXgO/OSZVD2IsiLlro+7Hf6Q18EJrKSEsdoMzKePKXct3gvD8oLcOQdIzGupr5Fj+EDe8gO/lxc1BzfMpxvA==}
    engines: {node: '>=8'}

  browserslist@4.28.8:
    resolution: {integrity: sha512-V2NpofLblG64mfOtSgDhOJESZEGogzDMBv/q+W6oc4LXWP/q75eOXoOaaOu1EOadB9U4Bwx/e0yzbvwKH8zalA==}
    engines: {node: ^6 || ^7 || ^8 || ^9 || ^10 || ^11 || ^12 || >=13.7}
    hasBin: true

  caniuse-api@4.0.0:
    resolution: {integrity: sha512-B0hQ1OLyJuHTQSOWXvwibWqM6DCoqJdvBA6X1S/53bd4XU7LJ1yurIPlrsouol3mw1jh9pGI4ivubSpmJeIqCA==}

  caniuse-lite@1.0.30001810:
    resolution: {integrity: sha512-TITQPUkaz+aVk5GL6NhOdwk1aEaNTSDPsGFWrTuhKGtjTF70jL/Oht2W4c6rXUe5fu7Ie19VIahAXHIIiWWNeg==}

  chokidar@3.6.0:
    resolution: {integrity: sha512-7VT13fmjotKpGipCW9JEQAusEPE+Ei8nl6/g4FBAmIm0GOOLMua9NDDo/DWp0ZAxCr3cPq5ZpBqmPAQgDda2Pw==}
    engines: {node: '>= 8.10.0'}

  cliui@8.0.1:
    resolution: {integrity: sha512-BSeNnyus75C4//NQ9gQt1/csTXyo/8Sb+afLAkzAptFuMsod9HFokGNudZpi/oQV73hnVK+sR+5PVRMd+Dr7YQ==}
    engines: {node: '>=12'}

  color-convert@2.0.1:
    resolution: {integrity: sha512-RRECPsj7iu/xb5oKYcsFHSppFNnsj/52OVTRKb4zP5onXwVF3zVmmToNcOfGC+CRDpfK/U584fMg38ZHCaElKQ==}
    engines: {node: '>=7.0.0'}

  color-name@1.1.4:
    resolution: {integrity: sha512-dOy+3AuW3a2wNbZHIuMZpTcgjGuLU/uBL/ubcZF9OXbDo8ff4O8yVp5Bf0efS8uEoYo5q4Fx7dY9OgQGXgAsQA==}

  commander@11.1.0:
    resolution: {integrity: sha512-yPVavfyCcRhmorC7rWlkHn15b4wDVgVmBA7kV4QVBsF7kv/9TKJAbAXVTxvTnwP8HHKjRCJDClKbciiYS7p0DQ==}
    engines: {node: '>=16'}

  css-select@6.0.0:
    resolution: {integrity: sha512-rZZVSLle8v0+EY8QAkDWrKhpgt6SA5OtHsgBnsj6ZaLb5dmDVOWUDtQitd9ydxxvEjhewNudS6eTVU7uOyzvXw==}

  css-tree@2.2.1:
    resolution: {integrity: sha512-OA0mILzGc1kCOCSJerOeqDxDQ4HOh+G8NbOJFOTgOCzpw7fCBubk0fEyxp8AgOL/jvLgYA/uV0cMbe43ElF1JA==}
    engines: {node: ^10 || ^12.20.0 || ^14.13.0 || >=15.0.0, npm: '>=7.0.0'}

  css-tree@3.2.1:
    resolution: {integrity: sha512-X7sjQzceUhu1u7Y/ylrRZFU2FS6LRiFVp6rKLPg23y3x3c3DOKAwuXGDp+PAGjh6CSnCjYeAul8pcT8bAl+lSA==}
    engines: {node: ^10 || ^12.20.0 || ^14.13.0 || >=15.0.0}

  css-what@7.0.0:
    resolution: {integrity: sha512-wD5oz5xibMOPHzy13CyGmogB3phdvcDaB5t0W/Nr5Z2O/agcB8YwOz6e2Lsp10pNDzBoDO9nVa3RGs/2BttpHQ==}
    engines: {node: '>= 6'}

  cssesc@3.0.0:
    resolution: {integrity: sha512-/Tb/JcjK111nNScGob5MNtsntNM1aCNUDipB/TkwZFhyDrrE47SOx/18wF2bbjgc3ZzCSKW1T5nt5EbFoAz/Vg==}
    engines: {node: '>=4'}
    hasBin: true

  cssnano-preset-default@9.0.0:
    resolution: {integrity: sha512-gup/QorXISDe36Ad6zTyI9pjNrPhZqYx1o9zoKz46RokT1Pga5LxT/3KtKpb9GOvS0t4lqN037IE1zBnv+HT3A==}
    engines: {node: ^22.22.3 || ^24.15.0 || >=26.0}
    peerDependencies:
      postcss: ^8.5.26

  cssnano-utils@7.0.0:
    resolution: {integrity: sha512-DAV5AOg6sh/NBke5YF2kK4Oinlu6yIrOHdChIkazKfsLph0bwLWLlBNxdRHsVZJmZXVRuRzKYQQ8bDWPXRuwhw==}
    engines: {node: ^22.22.3 || ^24.15.0 || >=26.0}
    peerDependencies:
      postcss: ^8.5.26

  cssnano@9.0.0:
    resolution: {integrity: sha512-pEVG11SIRqeGUpMo3oRYZmy0C4l2KfKwuKh9dHtgAZXabO6lngvPUEj/SjJI3W06UFATbDCzzW/tFU61rU3pGw==}
    engines: {node: ^22.22.3 || ^24.15.0 || >=26.0}
    peerDependencies:
      postcss: ^8.5.26

  csso@5.0.5:
    resolution: {integrity: sha512-0LrrStPOdJj+SPCCrGhzryycLjwcgUSHBtxNA8aIDxf0GLsRh1cKYhB00Gd1lDOS4yGH69+SNn13+TWbVHETFQ==}
    engines: {node: ^10 || ^12.20.0 || ^14.13.0 || >=15.0.0, npm: '>=7.0.0'}

  dependency-graph@1.0.0:
    resolution: {integrity: sha512-cW3gggJ28HZ/LExwxP2B++aiKxhJXMSIt9K48FOXQkm+vuG5gyatXnLsONRJdzO/7VfjDIiaOOa/bs4l464Lwg==}
    engines: {node: '>=4'}

  dom-serializer@2.0.0:
    resolution: {integrity: sha512-wIkAryiqt/nV5EQKqQpo3SToSOV9J0DnbJqwK7Wv/Trc92zIAYZ4FlMu+JPFW1DfGFt81ZTCGgDEabffXeLyJg==}

  domelementtype@2.3.0:
    resolution: {integrity: sha512-OLETBj6w0OsagBwdXnPdN0cnMfF9opN69co+7ZrbfPGrdpPVNBUj02spi6B1N7wChLQiPn4CSH/zJvXw56gmHw==}

  domhandler@5.0.3:
    resolution: {integrity: sha512-cgwlv/1iFQiFnU96XXgROh8xTeetsnJiDsTc7TYCLFd9+/WNkIqPTxiM/8pSd8VIrhXGTf1Ny1q1hquVqDJB5w==}
    engines: {node: '>= 4'}

  domutils@3.2.2:
    resolution: {integrity: sha512-6kZKyUajlDuqlHKVX1w7gyslj9MPIXzIFiz/rGu35uC1wMi+kMhQwGhl4lt9unC9Vb9INnY9Z3/ZA3+FhASLaw==}

  electron-to-chromium@1.5.416:
    resolution: {integrity: sha512-K6bvB2BjnNrugtIih6ewlbBI9DXa976jIdiIlRLHhBoEI9a4JaQjjHyF+A1IQI543aQYR4LnmOrT/K5fZj0aPA==}

  emoji-regex@8.0.0:
    resolution: {integrity: sha512-MSjYzcWNOA0ewAHpz0MxpYFvwg6yjy1NG3xteoqz644VCo/RPgnr1/GGt+ic3iJTzQ8Eu3TdM14SawnVUmGE6A==}

  entities@4.5.0:
    resolution: {integrity: sha512-V0hjH4dGPh9Ao5p0MoRY6BVqtwCjhz6vI5LT8AJ55H+4g9/4vbHx1I54fS0XuclLhDHArPQCiMjDxjaL8fPxhw==}
    engines: {node: '>=0.12'}

  escalade@3.2.0:
    resolution: {integrity: sha512-WUj2qlxaQtO4g6Pq5c29GTcWGDyd8itL8zTlipgECz3JesAiiOKotd8JU6otB3PACgG6xkJUyVhboMS+bje/jA==}
    engines: {node: '>=6'}

  fdir@6.5.0:
    resolution: {integrity: sha512-tIbYtZbucOs0BRGqPJkshJUYdL+SDH7dVM8gjy+ERp3WAUjLEFJE+02kanyHtwjWOnwrKYBiwAmM0p4kLJAnXg==}
    engines: {node: '>=12.0.0'}
    peerDependencies:
      picomatch: ^3 || ^4
    peerDependenciesMeta:
      picomatch:
        optional: true

  fill-range@7.1.1:
    resolution: {integrity: sha512-YsGpe3WHLK8ZYi4tWDg2Jy3ebRz2rXowDxnld4bkQB00cc/1Zw9AWnC0i9ztDJitivtQvaI9KaLyKrc+hBW0yg==}
    engines: {node: '>=8'}

  fs-extra@11.3.4:
    resolution: {integrity: sha512-CTXd6rk/M3/ULNQj8FBqBWHYBVYybQ3VPBw0xGKFe3tuH7ytT6ACnvzpIQ3UZtB8yvUKC2cXn1a+x+5EVQLovA==}
    engines: {node: '>=14.14'}

  fsevents@2.3.3:
    resolution: {integrity: sha512-5xoDfX+fL7faATnagmWPpbFtwh/R77WmMMqqHGS65C3vvB0YHrgF+B1YmZ3441tMj5n63k0212XNoJwzlhffQw==}
    engines: {node: ^8.16.0 || ^10.6.0 || >=11.0.0}
    os: [darwin]

  get-caller-file@2.0.5:
    resolution: {integrity: sha512-DyFP3BM/3YHTQOCUL/w0OZHR0lpKeGrxotcHWcqNEdnltqFwXVfhEBQ94eIo34AfQpo0rGki4cyIiftY06h2Fg==}
    engines: {node: 6.* || 8.* || >= 10.*}

  glob-parent@5.1.2:
    resolution: {integrity: sha512-AOIgSQCepiJYwP3ARnGx+5VnTu2HBYdzbGP45eLw1vr3zB3vZLeyed1sC9hnbcOc9/SrMyM5RPQrkGz4aS9Zow==}
    engines: {node: '>= 6'}

  graceful-fs@4.2.11:
    resolution: {integrity: sha512-RbJ5/jmFcNNCcDV5o9eTnBLJ/HszWV0P73bc+Ff4nS/rJj+YaS6IGyiOL0VoBYX+l1Wrl3k63h/KrH+nhJ0XvQ==}

  is-binary-path@2.1.0:
    resolution: {integrity: sha512-ZMERYes6pDydyuGidse7OsHxtbI7WVeUEozgR/g7rd0xUimYNlvZRE/K2MgZTjWy725IfelLeVcEM97mmtRGXw==}
    engines: {node: '>=8'}

  is-extglob@2.1.1:
    resolution: {integrity: sha512-SbKbANkN603Vi4jEZv49LeVJMn4yGwsbzZworEoyEiutsN3nJYdbO36zfhGJ6QEDpOZIFkDtnq5JRxmvl3jsoQ==}
    engines: {node: '>=0.10.0'}

  is-fullwidth-code-point@3.0.0:
    resolution: {integrity: sha512-zymm5+u+sCsSWyD9qNaejV3DFvhCKclKdizYaJUuHA83RLjb7nSuGnddCHGv0hk+KY7BMAlsWeK4Ueg6EV6XQg==}
    engines: {node: '>=8'}

  is-glob@4.0.3:
    resolution: {integrity: sha512-xelSayHH36ZgE7ZWhli7pW34hNbNl8Ojv5KVmkJD4hBdD3th8Tfk9vYasLM+mXWOZhFkgZfxhLSnrwRr4elSSg==}
    engines: {node: '>=0.10.0'}

  is-number@7.0.0:
    resolution: {integrity: sha512-41Cifkg6e8TylSpdtTpeLVMqvSBEVzTttHvERD741+pnZ8ANv0004MRL43QKPDlK9cGvNp6NZWZUBlbGXYxxng==}
    engines: {node: '>=0.12.0'}

  jsonfile@6.2.0:
    resolution: {integrity: sha512-FGuPw30AdOIUTRMC2OMRtQV+jkVj2cfPqSeWXv1NEAJ1qZ5zb1X6z1mFhbfOB/iy3ssJCD+3KuZ8r8C3uVFlAg==}

  lilconfig@3.1.3:
    resolution: {integrity: sha512-/vlFKAoH5Cgt3Ie+JLhRbwOsCQePABiU3tJ1egGvyQ+33R/vcwM2Zl2QR/LzjsBeItPt3oSVXapn+m4nQDvpzw==}
    engines: {node: '>=14'}

  mdn-data@2.0.28:
    resolution: {integrity: sha512-aylIc7Z9y4yzHYAJNuESG3hfhC+0Ibp/MAMiaOZgNv4pmEdFyfZhhhny4MNiAfWdBQ1RQ2mfDWmM1x8SvGyp8g==}

  mdn-data@2.27.1:
    resolution: {integrity: sha512-9Yubnt3e8A0OKwxYSXyhLymGW4sCufcLG6VdiDdUGVkPhpqLxlvP5vl1983gQjJl3tqbrM731mjaZaP68AgosQ==}

  nanoid@3.3.18:
    resolution: {integrity: sha512-DTg4MJbGMWkfi6VZFdNt2/caMbQy4Ou+Op/hJQvGEWcnVfoA1QA+xzRKAzw9jD6+GVOOeYr/mIcuDSdug6F6+w==}
    engines: {node: ^10 || ^12 || ^13.7 || ^14 || >=15.0.1}
    hasBin: true

  node-releases@2.0.54:
    resolution: {integrity: sha512-YHs7BmmcsdAI5Ozuf8JZo6PT0mv2GIWC9vMfvUC3dp65M8hn7Ux8CPL+2oBI7juNuj9d0ndhTcznq2ODBps9cQ==}
    engines: {node: '>=18'}

  normalize-path@3.0.0:
    resolution: {integrity: sha512-6eZs5Ls3WtCisHWp9S2GUy8dqkpGi4BVSz3GaqiE6ezub0512ESztXUwUB6C6IKbQkY2Pnb/mD4WYojCRwcwLA==}
    engines: {node: '>=0.10.0'}

  nth-check@2.1.1:
    resolution: {integrity: sha512-lqjrjmaOoAnWfMmBPL+XNnynZh2+swxiX3WUE0s4yEHI6m+AwrK2UZOimIRl3X/4QctVqS8AiZjFqyOGrMXb/w==}

  picocolors@1.1.1:
    resolution: {integrity: sha512-xceH2snhtb5M9liqDsmEw56le376mTZkEX/jEb/RxNFyegNul7eNslCXP9FDj/Lcu0X8KEyMceP2ntpaHrDEVA==}

  picomatch@2.3.2:
    resolution: {integrity: sha512-V7+vQEJ06Z+c5tSye8S+nHUfI51xoXIXjHQ99cQtKUkQqqO1kO/KCJUfZXuB47h/YBlDhah2H3hdUGXn8ie0oA==}
    engines: {node: '>=8.6'}

  picomatch@4.0.4:
    resolution: {integrity: sha512-QP88BAKvMam/3NxH6vj2o21R6MjxZUAd6nlwAS/pnGvN9IVLocLHxGYIzFhg6fUQ+5th6P4dv4eW9jX3DSIj7A==}
    engines: {node: '>=12'}

  pify@2.3.0:
    resolution: {integrity: sha512-udgsAY+fTnvv7kI7aaxbqwWNb0AHiB0qBO89PZKPkoTmGOgdbrHDKD+0B2X4uTfJ/FT1R09r9gTsjUjNJotuog==}
    engines: {node: '>=0.10.0'}

  postcss-calc@11.0.1:
    resolution: {integrity: sha512-H7w0Btjlbv2IM5V2BPKKghb4utvDYwkVkgaFJsCOsiqByX1AXTzlWsc+MV7/QD4vxdpB9xfyFze3pAJlv8GnjA==}
    engines: {node: ^22.22.3 || ^24.15 || >=26.0}
    peerDependencies:
      postcss: ^8.5.25

  postcss-cli@11.0.1:
    resolution: {integrity: sha512-0UnkNPSayHKRe/tc2YGW6XnSqqOA9eqpiRMgRlV1S6HdGi16vwJBx7lviARzbV1HpQHqLLRH3o8vTcB0cLc+5g==}
    engines: {node: '>=18'}
    hasBin: true
    peerDependencies:
      postcss: ^8.0.0

  postcss-colormin@9.0.0:
    resolution: {integrity: sha512-y3XO60M/BsrDMWyp1/yRVQGHEFTuYL+NW9u6QpV07z9tGRDSKfgfKYcysQXy8lZzWtoDXrNegtjSo2kMnWPNQg==}
    engines: {node: ^22.22.3 || ^24.15.0 || >=26.0}
    peerDependencies:
      postcss: ^8.5.26

  postcss-convert-values@9.0.0:
    resolution: {integrity: sha512-ldw3Id2YN2zJTD9b07hOQBxb9lRrFSMmKsiMcTr0I5PC2EQWZDpkkahS3XibRiWO5DICjVh8nw+lQHJjBngtGQ==}
    engines: {node: ^22.22.3 || ^24.15.0 || >=26.0}
    peerDependencies:
      postcss: ^8.5.26

  postcss-discard-comments@9.0.0:
    resolution: {integrity: sha512-tL1KrBiRT2sgZzjJf938xfxTowSg8S/33XvB5T5LttCispCldC6XOUX8Xtvne8TlkeeBypUEFXTX2rE+n8iCaw==}
    engines: {node: ^22.22.3 || ^24.15.0 || >=26.0}
    peerDependencies:
      postcss: ^8.5.26

  postcss-discard-duplicates@9.0.0:
    resolution: {integrity: sha512-APvRj9LcRCB1WQsOKHqp+5GJiMK/eoDjy1heQSob91gSWR5uAG6wwNxFGfAuuwGUBQ7f6uX09nSZFtiXQ+IwPg==}
    engines: {node: ^22.22.3 || ^24.15.0 || >=26.0}
    peerDependencies:
      postcss: ^8.5.26

  postcss-discard-empty@9.0.0:
    resolution: {integrity: sha512-F6bpkTTYJgWQy0OlJODCa/odCzP/kTnTZ70zroX/zS+EEhRLhtdKDlvMOmylV0jzFEkT1ZjFvWupDblWijxvrQ==}
    engines: {node: ^22.22.3 || ^24.15.0 || >=26.0}
    peerDependencies:
      postcss: ^8.5.26

  postcss-discard-overridden@9.0.0:
    resolution: {integrity: sha512-QpfO7CswjgCXynrHfrfc56AbIpwHEzaoGYbJiEZwZi2etBK4EJ6vfDgym/EULV58n/nqwfuCnpB1itpXvSWqbg==}
    engines: {node: ^22.22.3 || ^24.15.0 || >=26.0}
    peerDependencies:
      postcss: ^8.5.26

  postcss-load-config@5.1.0:
    resolution: {integrity: sha512-G5AJ+IX0aD0dygOE0yFZQ/huFFMSNneyfp0e3/bT05a8OfPC5FUoZRPfGijUdGOJNMewJiwzcHJXFafFzeKFVA==}
    engines: {node: '>= 18'}
    peerDependencies:
      jiti: '>=1.21.0'
      postcss: '>=8.0.9'
      tsx: ^4.8.1
    peerDependenciesMeta:
      jiti:
        optional: true
      postcss:
        optional: true
      tsx:
        optional: true

  postcss-merge-longhand@9.0.0:
    resolution: {integrity: sha512-JD3DRcpdHjgB+MeN2qHdbsXPmcG9Ash/aA7uKkXvmYe69ioyHAAF+TG9p3+QQnuk5tivUf3b+/u46bbg3E0guQ==}
    engines: {node: ^22.22.3 || ^24.15.0 || >=26.0}
    peerDependencies:
      postcss: ^8.5.26

  postcss-merge-rules@9.0.0:
    resolution: {integrity: sha512-whyJ5h4+JQh+uOg3iEacA5Jc022iUPArajWmYsVef0DCcYYZpOcGkf1uePOt4+R68eL0ysGAYppac6LHXV81eg==}
    engines: {node: ^22.22.3 || ^24.15.0 || >=26.0}
    peerDependencies:
      postcss: ^8.5.26

  postcss-minify-font-values@9.0.0:
    resolution: {integrity: sha512-S6aq3wVJL1+6wgNR58bnARNHC+4Q3ZZpEjvjMEbFtpb+4cOoYJOywJLOQ+bl9bQmYdeN/2l4PpHIBKra+I1tfg==}
    engines: {node: ^22.22.3 || ^24.15.0 || >=26.0}
    peerDependencies:
      postcss: ^8.5.26

  postcss-minify-gradients@9.0.0:
    resolution: {integrity: sha512-kg7oZHz7zfiCk8ZkBT9P2peBM6LGcGIXocY0v3iOVoR3CqUKpFeYVMlTjGUM6Qf+6d9hcRZV+BU/LeYR2BnsMQ==}
    engines: {node: ^22.22.3 || ^24.15.0 || >=26.0}
    peerDependencies:
      postcss: ^8.5.26

  postcss-minify-params@9.0.0:
    resolution: {integrity: sha512-VxVNdPemBrmk51TRgxGu3QcUvWmCaDEJ/rCIICwfB1cESkjwC/h76zTwGXgDsfbXaQ+T4M+7tmVN/vc/ZgZPjw==}
    engines: {node: ^22.22.3 || ^24.15.0 || >=26.0}
    peerDependencies:
      postcss: ^8.5.26

  postcss-minify-selectors@9.0.0:
    resolution: {integrity: sha512-qVubYH2PML7CqSqBHwgcnSKsGBvgP2mPqBGwwktkH8Wc8PkTxEhfmMxYQlpKS/xE4+y7FsGlYKztwWTqhO6WBg==}
    engines: {node: ^22.22.3 || ^24.15.0 || >=26.0}
    peerDependencies:
      postcss: ^8.5.26

  postcss-nesting@14.0.1:
    resolution: {integrity: sha512-80MH7KcmMtb7ffSBX82uZwnogltubaXF0sagu+OGD8M9jViR3ngRgCdoTzKCvKEtllB0MW2U7Rgfcub5fR1Bug==}
    engines: {node: '>=20.19.0'}
    peerDependencies:
      postcss: ^8.4

  postcss-normalize-charset@9.0.0:
    resolution: {integrity: sha512-5KiD7x3KE/uxuhrNHIh8hJ0sOvsFimfNJh6Lgp1MxxirHC6aGZisH00kup5ShLsoAHpUXZO90X6UntyQvJrVEA==}
    engines: {node: ^22.22.3 || ^24.15.0 || >=26.0}
    peerDependencies:
      postcss: ^8.5.26

  postcss-normalize-display-values@9.0.0:
    resolution: {integrity: sha512-EUeiB3MGJeMsLHHOZADPYLE6N2pabRRwHnr6basV0iK9fbsSKJB6zP3y9agp7HtGZsnCqnlqAC8ZPrenBdxoHA==}
    engines: {node: ^22.22.3 || ^24.15.0 || >=26.0}
    peerDependencies:
      postcss: ^8.5.26

  postcss-normalize-positions@9.0.0:
    resolution: {integrity: sha512-Qen36tMiWwNpC+zD0oYM+9R1ojajbID4zsWWSCzZj9G5raSm4o2hgyE/IEQloKWPJNgOWMZsb8PmXSxGmPZAgA==}
    engines: {node: ^22.22.3 || ^24.15.0 || >=26.0}
    peerDependencies:
      postcss: ^8.5.26

  postcss-normalize-repeat-style@9.0.0:
    resolution: {integrity: sha512-KV5pQse31Qn/nezj5PmKHgV5oD4a3Tb8wMMxJ6/61Wifp9RzIkaovmHqfUD28KNbhsHs/B71TxnohaTvEZK/UA==}
    engines: {node: ^22.22.3 || ^24.15.0 || >=26.0}
    peerDependencies:
      postcss: ^8.5.26

  postcss-normalize-string@9.0.0:
    resolution: {integrity: sha512-htylsPopjm/LiUheas9j7B1en+Pc97ANIYyN/+aj+ruStU6J35YYwo5b5QD/v01JRD61nwzK+aKhoXeKVXW4kA==}
    engines: {node: ^22.22.3 || ^24.15.0 || >=26.0}
    peerDependencies:
      postcss: ^8.5.26

  postcss-normalize-timing-functions@9.0.0:
    resolution: {integrity: sha512-yhg0N68ALfNPsmAX2vHH/ZZrYziINbF+K/1Hp7Itqli2B84eX0zdcb7EbK0rrmDgYkuzE1pBc11C2codw7eXtg==}
    engines: {node: ^22.22.3 || ^24.15.0 || >=26.0}
    peerDependencies:
      postcss: ^8.5.26

  postcss-normalize-unicode@9.0.0:
    resolution: {integrity: sha512-sJ/STfFE+8Fh8GP0KGcZvt/Fv5+XsvrsLDvjlJsqQ5tl5hW+ptHCZigorpoV6BhsvTXm8qircCGAR78IArwHkA==}
    engines: {node: ^22.22.3 || ^24.15.0 || >=26.0}
    peerDependencies:
      postcss: ^8.5.26

  postcss-normalize-url@9.0.0:
    resolution: {integrity: sha512-kj2QJovR0DWhCiF1XiS3EXCykt+JHEhUHzoWFxXspz0eZ8pJMkAhSbqNoeVCk7koL8P+l9sRrVKybV0ZpqZuqA==}
    engines: {node: ^22.22.3 || ^24.15.0 || >=26.0}
    peerDependencies:
      postcss: ^8.5.26

  postcss-normalize-whitespace@9.0.0:
    resolution: {integrity: sha512-L08dL2ANyDGSijArZUBIbeQntB5jMCZ9U8jx+KVmjz436zq1zCKBYDjmXLxNDVDfwZEoXTienU8RHSiM86I3GQ==}
    engines: {node: ^22.22.3 || ^24.15.0 || >=26.0}
    peerDependencies:
      postcss: ^8.5.26

  postcss-ordered-values@9.0.0:
    resolution: {integrity: sha512-LTayHrel3G8pwgrsu6Sk5V+9MkAPfOLNoPD7kvH/xTCpNhCf8jSSHRdwpUPtOvX0mMN7BETpTyhMSEjiJEUZ7g==}
    engines: {node: ^22.22.3 || ^24.15.0 || >=26.0}
    peerDependencies:
      postcss: ^8.5.26

  postcss-reduce-initial@9.0.0:
    resolution: {integrity: sha512-rwjqY5Ahht8xx41ChB/s90DYia6Wg2fwBwt2Uv1X/hp5+Ok1OCxWoDaBNgcLoO5r57RWHscO0L4nQdPKjZnghw==}
    engines: {node: ^22.22.3 || ^24.15.0 || >=26.0}
    peerDependencies:
      postcss: ^8.5.26

  postcss-reduce-transforms@9.0.0:
    resolution: {integrity: sha512-wuCHGvWYKKbHmURHSv1a3XkZuE/EX4oWh7DO+qWpL5dFN7K5cJ9frRyFyJtNIp+YZb5JOnRyEGF40ocdGypPTg==}
    engines: {node: ^22.22.3 || ^24.15.0 || >=26.0}
    peerDependencies:
      postcss: ^8.5.26

  postcss-reporter@7.1.0:
    resolution: {integrity: sha512-/eoEylGWyy6/DOiMP5lmFRdmDKThqgn7D6hP2dXKJI/0rJSO1ADFNngZfDzxL0YAxFvws+Rtpuji1YIHj4mySA==}
    engines: {node: '>=10'}
    peerDependencies:
      postcss: ^8.1.0

  postcss-selector-parser@7.1.4:
    resolution: {integrity: sha512-HeP7D2wyhkR+XaK6v4W8oRF62Dsz4flyuczALJp61GckGm42u1saSSJ/0auvcBqxs3jMRFEcPK34At/0JBKdOg==}
    engines: {node: '>=4'}

  postcss-selector-parser@7.1.5:
    resolution: {integrity: sha512-KvvtD7SrlBP7dlgkBghEE3r84CABm5SmV2aNcG4oCA+qDnJ/tvKonFVvwWAyyWUEwxuNawdfEAZKP9zM3oZ2Uw==}
    engines: {node: '>=4'}

  postcss-svgo@9.0.0:
    resolution: {integrity: sha512-G2TCltJV1UB0SkQzZ8Q0sQpjP42zcJ5EplnDYglab6lVmhrBZvCNVJEOyczwMBvCTYGESrV94KWNcmlDz+ezpA==}
    engines: {node: ^22.22.3 || ^24.15.0 || >=26.0}
    peerDependencies:
      postcss: ^8.5.26

  postcss-unique-selectors@9.0.0:
    resolution: {integrity: sha512-jxfneNnWS/8gDY8FCRh/+HdB/H7otsKFu97NRiFK6ZkolpNtMVHCClTy7h+GgQpd/OA6e9Oi3YIkwE+8Dn44dA==}
    engines: {node: ^22.22.3 || ^24.15.0 || >=26.0}
    peerDependencies:
      postcss: ^8.5.26

  postcss-value-parser@4.2.0:
    resolution: {integrity: sha512-1NNCs6uurfkVbeXG4S8JFT9t19m45ICnif8zWLd5oPSZ50QnwMfK+H3jv408d4jw/7Bttv5axS5IiHoLaVNHeQ==}

  postcss@8.5.26:
    resolution: {integrity: sha512-u82N74LFzG8ca+dD8puPnplTXoGH4fTPpVGuIbt36G3qvNlkvfD0lEAZSxaly3KX8TS/L1A1gsCEmvKmBcVbkQ==}
    engines: {node: ^10 || ^12 || >=14}

  pretty-hrtime@1.0.3:
    resolution: {integrity: sha512-66hKPCr+72mlfiSjlEB1+45IjXSqvVAIy6mocupoww4tBFE9R9IhwwUGoI4G++Tc9Aq+2rxOt0RFU6gPcrte0A==}
    engines: {node: '>= 0.8'}

  read-cache@1.0.0:
    resolution: {integrity: sha512-Owdv/Ft7IjOgm/i0xvNDZ1LrRANRfew4b2prF3OWMQLxLfu3bS8FVhCsrSCMK4lR56Y9ya+AThoTpDCTxCmpRA==}

  readdirp@3.6.0:
    resolution: {integrity: sha512-hOS089on8RduqdbhvQ5Z37A0ESjsqz6qnRcffsMU3495FuTdqSm+7bhJ29JvIOsBDEEnan5DPu9t3To9VRlMzA==}
    engines: {node: '>=8.10.0'}

  require-directory@2.1.1:
    resolution: {integrity: sha512-fGxEI7+wsG9xrvdjsrlmL22OMTTiHRwAMroiEeMgq8gzoLC/PQr7RsRDSTLUg/bZAZtF+TVIkHc6/4RIKrui+Q==}
    engines: {node: '>=0.10.0'}

  sax@1.6.1:
    resolution: {integrity: sha512-42tBVwLWnaQvW5zc4HbZrTuWccECCZfBi92FDuwtqxasH+JbPB3/FOKb1m222K42R4WxuxzzMsTswfzgtSu64Q==}
    engines: {node: '>=11.0.0'}

  slash@5.1.0:
    resolution: {integrity: sha512-ZA6oR3T/pEyuqwMgAKT0/hAv8oAXckzbkmR0UkUosQ+Mc4RxGoJkRmwHgHufaenlyAgE1Mxgpdcrf75y6XcnDg==}
    engines: {node: '>=14.16'}

  source-map-js@1.2.1:
    resolution: {integrity: sha512-UXWMKhLOwVKb728IUtQPXxfYU+usdybtUrK/8uGE8CQMvrhOpwvzDBwj0QhSL7MQc7vIsISBG8VQ8+IDQxpfQA==}
    engines: {node: '>=0.10.0'}

  string-width@4.2.3:
    resolution: {integrity: sha512-wKyQRQpjJ0sIp62ErSZdGsjMJWsap5oRNihHhu6G7JVO/9jIB6UyevL+tXuOqrng8j/cxKTWyWUwvSTriiZz/g==}
    engines: {node: '>=8'}

  strip-ansi@6.0.1:
    resolution: {integrity: sha512-Y38VPSHcqkFrCpFnQ9vuSXmquuv5oXOKpGeT6aGrr3o3Gc9AlVa6JBfUSOCnbxGGZF+/0ooI7KrPuUSztUdU5A==}
    engines: {node: '>=8'}

  stylehacks@9.0.0:
    resolution: {integrity: sha512-6pleLbQzWySsInJY88SBJf933nf72EVqhLRBS1SaE2f+gmEY4rmCMDaqXYhHYZl8Ed8YzRx0d+TmPQkmhFcrRg==}
    engines: {node: ^22.22.3 || ^24.15.0 || >=26.0}
    peerDependencies:
      postcss: ^8.5.26

  svgo@4.1.0:
    resolution: {integrity: sha512-bkxnTg1kSU0guhIBmibA6UUhrQmPVA1XsQLN+ylCd+UWzbnLkySOcXpyk1mrl05f+pcaCx2eHb+sp6BgMZWX+Q==}
    engines: {node: '>=16'}
    hasBin: true

  thenby@1.3.4:
    resolution: {integrity: sha512-89Gi5raiWA3QZ4b2ePcEwswC3me9JIg+ToSgtE0JWeCynLnLxNr/f9G+xfo9K+Oj4AFdom8YNJjibIARTJmapQ==}

  tinyglobby@0.2.15:
    resolution: {integrity: sha512-j2Zq4NyQYG5XMST4cbs02Ak8iJUdxRM0XI5QyxXuZOzKOINmWurp3smXu3y5wDcJrptwpSjgXHzIQxR0omXljQ==}
    engines: {node: '>=12.0.0'}

  to-regex-range@5.0.1:
    resolution: {integrity: sha512-65P7iz6X5yEr1cwcgvQxbbIw7Uk3gOy5dIdtZ4rDveLqhrdJP+Li/Hx6tyK0NEb+2GCyneCMJiGqrADCSNk8sQ==}
    engines: {node: '>=8.0'}

  universalify@2.0.1:
    resolution: {integrity: sha512-gptHNQghINnc/vTGIk0SOFGFNXw7JVrlRUtConJRlvaw6DuX0wO5Jeko9sWrMBhh+PsYAZ7oXAiOnf/UKogyiw==}
    engines: {node: '>= 10.0.0'}

  update-browserslist-db@1.3.2:
    resolution: {integrity: sha512-UQ+MSxlhRm1bzjhU+DcuXfjFO1FzNtqhK5+9Yvlp90ItDLk5vT932A0rFu619nf7RVS+Y/VeaUW1jaRDqZ8VJw==}
    hasBin: true
    peerDependencies:
      browserslist: '>= 4.21.0'

  util-deprecate@1.0.2:
    resolution: {integrity: sha512-EPD5q1uXyFxJpCrLnCc1nHnq3gOa6DZBocAIiI2TaSCA7VCJ1UJDMagCzIkXNsUYfD1daK//LTEQ8xiIbrHtcw==}

  wrap-ansi@7.0.0:
    resolution: {integrity: sha512-YVGIj2kamLSTxw6NsZjoBxfSwsn0ycdesmc4p+Q21c5zPuZ1pl+NfxVdxPtdHvmNVOQ6XSYG4AUtyt/Fi7D16Q==}
    engines: {node: '>=10'}

  y18n@5.0.8:
    resolution: {integrity: sha512-0pfFzegeDWJHJIAmTLRP2DwHjdF5s7jo9tuztdQxAhINCdvS+3nGINqPd00AphqJR/0LhANUS6/+7SCb98YOfA==}
    engines: {node: '>=10'}

  yaml@2.8.3:
    resolution: {integrity: sha512-AvbaCLOO2Otw/lW5bmh9d/WEdcDFdQp2Z2ZUH3pX9U2ihyUY0nvLv7J6TrWowklRGPYbB/IuIMfYgxaCPg5Bpg==}
    engines: {node: '>= 14.6'}
    hasBin: true

  yargs-parser@21.1.1:
    resolution: {integrity: sha512-tVpsJW7DdjecAiFpbIB1e3qxIQsE6NoPc5/eTdrbbIC4h0LVsWhnoa3g+m2HclBIujHzsxZ4VJVA+GUuc2/LBw==}
    engines: {node: '>=12'}

  yargs@17.7.2:
    resolution: {integrity: sha512-7dSzzRQ++CKnNI/krKnYRV7JKKPUXMEh61soaHKg9mrWEhzFWhFnxPxGl+69cD1Ou63C13NUPCnmIcrvqCuM6w==}
    engines: {node: '>=12'}

snapshots:

  '@colordx/core@5.6.0': {}

  '@csstools/css-parser-algorithms@4.0.0(@csstools/css-tokenizer@4.0.0)':
    dependencies:
      '@csstools/css-tokenizer': 4.0.0

  '@csstools/css-tokenizer@4.0.0': {}

  '@csstools/selector-resolve-nested@4.0.1(postcss-selector-parser@7.1.4)':
    dependencies:
      postcss-selector-parser: 7.1.4

  '@csstools/selector-specificity@6.0.0(postcss-selector-parser@7.1.4)':
    dependencies:
      postcss-selector-parser: 7.1.4

  ansi-regex@5.0.1: {}

  ansi-styles@4.3.0:
    dependencies:
      color-convert: 2.0.1

  anymatch@3.1.3:
    dependencies:
      normalize-path: 3.0.0
      picomatch: 2.3.2

  baseline-browser-mapping@2.11.20: {}

  binary-extensions@2.3.0: {}

  boolbase@1.0.0: {}

  braces@3.0.3:
    dependencies:
      fill-range: 7.1.1

  browserslist@4.28.8:
    dependencies:
      baseline-browser-mapping: 2.11.20
      caniuse-lite: 1.0.30001810
      electron-to-chromium: 1.5.416
      node-releases: 2.0.54
      update-browserslist-db: 1.3.2(browserslist@4.28.8)

  caniuse-api@4.0.0:
    dependencies:
      browserslist: 4.28.8
      caniuse-lite: 1.0.30001810

  caniuse-lite@1.0.30001810: {}

  chokidar@3.6.0:
    dependencies:
      anymatch: 3.1.3
      braces: 3.0.3
      glob-parent: 5.1.2
      is-binary-path: 2.1.0
      is-glob: 4.0.3
      normalize-path: 3.0.0
      readdirp: 3.6.0
    optionalDependencies:
      fsevents: 2.3.3

  cliui@8.0.1:
    dependencies:
      string-width: 4.2.3
      strip-ansi: 6.0.1
      wrap-ansi: 7.0.0

  color-convert@2.0.1:
    dependencies:
      color-name: 1.1.4

  color-name@1.1.4: {}

  commander@11.1.0: {}

  css-select@6.0.0:
    dependencies:
      boolbase: 1.0.0
      css-what: 7.0.0
      domhandler: 5.0.3
      domutils: 3.2.2
      nth-check: 2.1.1

  css-tree@2.2.1:
    dependencies:
      mdn-data: 2.0.28
      source-map-js: 1.2.1

  css-tree@3.2.1:
    dependencies:
      mdn-data: 2.27.1
      source-map-js: 1.2.1

  css-what@7.0.0: {}

  cssesc@3.0.0: {}

  cssnano-preset-default@9.0.0(postcss@8.5.26):
    dependencies:
      browserslist: 4.28.8
      cssnano-utils: 7.0.0(postcss@8.5.26)
      postcss: 8.5.26
      postcss-calc: 11.0.1(postcss@8.5.26)
      postcss-colormin: 9.0.0(postcss@8.5.26)
      postcss-convert-values: 9.0.0(postcss@8.5.26)
      postcss-discard-comments: 9.0.0(postcss@8.5.26)
      postcss-discard-duplicates: 9.0.0(postcss@8.5.26)
      postcss-discard-empty: 9.0.0(postcss@8.5.26)
      postcss-discard-overridden: 9.0.0(postcss@8.5.26)
      postcss-merge-longhand: 9.0.0(postcss@8.5.26)
      postcss-merge-rules: 9.0.0(postcss@8.5.26)
      postcss-minify-font-values: 9.0.0(postcss@8.5.26)
      postcss-minify-gradients: 9.0.0(postcss@8.5.26)
      postcss-minify-params: 9.0.0(postcss@8.5.26)
      postcss-minify-selectors: 9.0.0(postcss@8.5.26)
      postcss-normalize-charset: 9.0.0(postcss@8.5.26)
      postcss-normalize-display-values: 9.0.0(postcss@8.5.26)
      postcss-normalize-positions: 9.0.0(postcss@8.5.26)
      postcss-normalize-repeat-style: 9.0.0(postcss@8.5.26)
      postcss-normalize-string: 9.0.0(postcss@8.5.26)
      postcss-normalize-timing-functions: 9.0.0(postcss@8.5.26)
      postcss-normalize-unicode: 9.0.0(postcss@8.5.26)
      postcss-normalize-url: 9.0.0(postcss@8.5.26)
      postcss-normalize-whitespace: 9.0.0(postcss@8.5.26)
      postcss-ordered-values: 9.0.0(postcss@8.5.26)
      postcss-reduce-initial: 9.0.0(postcss@8.5.26)
      postcss-reduce-transforms: 9.0.0(postcss@8.5.26)
      postcss-svgo: 9.0.0(postcss@8.5.26)
      postcss-unique-selectors: 9.0.0(postcss@8.5.26)

  cssnano-utils@7.0.0(postcss@8.5.26):
    dependencies:
      postcss: 8.5.26

  cssnano@9.0.0(postcss@8.5.26):
    dependencies:
      cssnano-preset-default: 9.0.0(postcss@8.5.26)
      postcss: 8.5.26

  csso@5.0.5:
    dependencies:
      css-tree: 2.2.1

  dependency-graph@1.0.0: {}

  dom-serializer@2.0.0:
    dependencies:
      domelementtype: 2.3.0
      domhandler: 5.0.3
      entities: 4.5.0

  domelementtype@2.3.0: {}

  domhandler@5.0.3:
    dependencies:
      domelementtype: 2.3.0

  domutils@3.2.2:
    dependencies:
      dom-serializer: 2.0.0
      domelementtype: 2.3.0
      domhandler: 5.0.3

  electron-to-chromium@1.5.416: {}

  emoji-regex@8.0.0: {}

  entities@4.5.0: {}

  escalade@3.2.0: {}

  fdir@6.5.0(picomatch@4.0.4):
    optionalDependencies:
      picomatch: 4.0.4

  fill-range@7.1.1:
    dependencies:
      to-regex-range: 5.0.1

  fs-extra@11.3.4:
    dependencies:
      graceful-fs: 4.2.11
      jsonfile: 6.2.0
      universalify: 2.0.1

  fsevents@2.3.3:
    optional: true

  get-caller-file@2.0.5: {}

  glob-parent@5.1.2:
    dependencies:
      is-glob: 4.0.3

  graceful-fs@4.2.11: {}

  is-binary-path@2.1.0:
    dependencies:
      binary-extensions: 2.3.0

  is-extglob@2.1.1: {}

  is-fullwidth-code-point@3.0.0: {}

  is-glob@4.0.3:
    dependencies:
      is-extglob: 2.1.1

  is-number@7.0.0: {}

  jsonfile@6.2.0:
    dependencies:
      universalify: 2.0.1
    optionalDependencies:
      graceful-fs: 4.2.11

  lilconfig@3.1.3: {}

  mdn-data@2.0.28: {}

  mdn-data@2.27.1: {}

  nanoid@3.3.18: {}

  node-releases@2.0.54: {}

  normalize-path@3.0.0: {}

  nth-check@2.1.1:
    dependencies:
      boolbase: 1.0.0

  picocolors@1.1.1: {}

  picomatch@2.3.2: {}

  picomatch@4.0.4: {}

  pify@2.3.0: {}

  postcss-calc@11.0.1(postcss@8.5.26):
    dependencies:
      '@csstools/css-parser-algorithms': 4.0.0(@csstools/css-tokenizer@4.0.0)
      '@csstools/css-tokenizer': 4.0.0
      postcss: 8.5.26

  postcss-cli@11.0.1(postcss@8.5.26):
    dependencies:
      chokidar: 3.6.0
      dependency-graph: 1.0.0
      fs-extra: 11.3.4
      picocolors: 1.1.1
      postcss: 8.5.26
      postcss-load-config: 5.1.0(postcss@8.5.26)
      postcss-reporter: 7.1.0(postcss@8.5.26)
      pretty-hrtime: 1.0.3
      read-cache: 1.0.0
      slash: 5.1.0
      tinyglobby: 0.2.15
      yargs: 17.7.2
    transitivePeerDependencies:
      - jiti
      - tsx

  postcss-colormin@9.0.0(postcss@8.5.26):
    dependencies:
      '@colordx/core': 5.6.0
      browserslist: 4.28.8
      caniuse-api: 4.0.0
      postcss: 8.5.26
      postcss-value-parser: 4.2.0

  postcss-convert-values@9.0.0(postcss@8.5.26):
    dependencies:
      browserslist: 4.28.8
      postcss: 8.5.26
      postcss-value-parser: 4.2.0

  postcss-discard-comments@9.0.0(postcss@8.5.26):
    dependencies:
      postcss: 8.5.26
      postcss-selector-parser: 7.1.5

  postcss-discard-duplicates@9.0.0(postcss@8.5.26):
    dependencies:
      postcss: 8.5.26

  postcss-discard-empty@9.0.0(postcss@8.5.26):
    dependencies:
      postcss: 8.5.26

  postcss-discard-overridden@9.0.0(postcss@8.5.26):
    dependencies:
      postcss: 8.5.26

  postcss-load-config@5.1.0(postcss@8.5.26):
    dependencies:
      lilconfig: 3.1.3
      yaml: 2.8.3
    optionalDependencies:
      postcss: 8.5.26

  postcss-merge-longhand@9.0.0(postcss@8.5.26):
    dependencies:
      postcss: 8.5.26
      postcss-value-parser: 4.2.0
      stylehacks: 9.0.0(postcss@8.5.26)

  postcss-merge-rules@9.0.0(postcss@8.5.26):
    dependencies:
      browserslist: 4.28.8
      caniuse-api: 4.0.0
      cssnano-utils: 7.0.0(postcss@8.5.26)
      postcss: 8.5.26
      postcss-selector-parser: 7.1.5

  postcss-minify-font-values@9.0.0(postcss@8.5.26):
    dependencies:
      postcss: 8.5.26
      postcss-value-parser: 4.2.0

  postcss-minify-gradients@9.0.0(postcss@8.5.26):
    dependencies:
      '@colordx/core': 5.6.0
      cssnano-utils: 7.0.0(postcss@8.5.26)
      postcss: 8.5.26
      postcss-value-parser: 4.2.0

  postcss-minify-params@9.0.0(postcss@8.5.26):
    dependencies:
      browserslist: 4.28.8
      cssnano-utils: 7.0.0(postcss@8.5.26)
      postcss: 8.5.26
      postcss-value-parser: 4.2.0

  postcss-minify-selectors@9.0.0(postcss@8.5.26):
    dependencies:
      browserslist: 4.28.8
      caniuse-api: 4.0.0
      cssesc: 3.0.0
      postcss: 8.5.26
      postcss-selector-parser: 7.1.5

  postcss-nesting@14.0.1(postcss@8.5.26):
    dependencies:
      '@csstools/selector-resolve-nested': 4.0.1(postcss-selector-parser@7.1.4)
      '@csstools/selector-specificity': 6.0.0(postcss-selector-parser@7.1.4)
      postcss: 8.5.26
      postcss-selector-parser: 7.1.4

  postcss-normalize-charset@9.0.0(postcss@8.5.26):
    dependencies:
      postcss: 8.5.26

  postcss-normalize-display-values@9.0.0(postcss@8.5.26):
    dependencies:
      postcss: 8.5.26
      postcss-value-parser: 4.2.0

  postcss-normalize-positions@9.0.0(postcss@8.5.26):
    dependencies:
      postcss: 8.5.26
      postcss-value-parser: 4.2.0

  postcss-normalize-repeat-style@9.0.0(postcss@8.5.26):
    dependencies:
      postcss: 8.5.26
      postcss-value-parser: 4.2.0

  postcss-normalize-string@9.0.0(postcss@8.5.26):
    dependencies:
      postcss: 8.5.26
      postcss-value-parser: 4.2.0

  postcss-normalize-timing-functions@9.0.0(postcss@8.5.26):
    dependencies:
      postcss: 8.5.26
      postcss-value-parser: 4.2.0

  postcss-normalize-unicode@9.0.0(postcss@8.5.26):
    dependencies:
      browserslist: 4.28.8
      postcss: 8.5.26
      postcss-value-parser: 4.2.0

  postcss-normalize-url@9.0.0(postcss@8.5.26):
    dependencies:
      postcss: 8.5.26
      postcss-value-parser: 4.2.0

  postcss-normalize-whitespace@9.0.0(postcss@8.5.26):
    dependencies:
      postcss: 8.5.26
      postcss-value-parser: 4.2.0

  postcss-ordered-values@9.0.0(postcss@8.5.26):
    dependencies:
      cssnano-utils: 7.0.0(postcss@8.5.26)
      postcss: 8.5.26
      postcss-value-parser: 4.2.0

  postcss-reduce-initial@9.0.0(postcss@8.5.26):
    dependencies:
      browserslist: 4.28.8
      caniuse-api: 4.0.0
      postcss: 8.5.26

  postcss-reduce-transforms@9.0.0(postcss@8.5.26):
    dependencies:
      postcss: 8.5.26
      postcss-value-parser: 4.2.0

  postcss-reporter@7.1.0(postcss@8.5.26):
    dependencies:
      picocolors: 1.1.1
      postcss: 8.5.26
      thenby: 1.3.4

  postcss-selector-parser@7.1.4:
    dependencies:
      cssesc: 3.0.0
      util-deprecate: 1.0.2

  postcss-selector-parser@7.1.5:
    dependencies:
      cssesc: 3.0.0
      util-deprecate: 1.0.2

  postcss-svgo@9.0.0(postcss@8.5.26):
    dependencies:
      postcss: 8.5.26
      postcss-value-parser: 4.2.0
      svgo: 4.1.0

  postcss-unique-selectors@9.0.0(postcss@8.5.26):
    dependencies:
      postcss: 8.5.26
      postcss-selector-parser: 7.1.5

  postcss-value-parser@4.2.0: {}

  postcss@8.5.26:
    dependencies:
      nanoid: 3.3.18
      picocolors: 1.1.1
      source-map-js: 1.2.1

  pretty-hrtime@1.0.3: {}

  read-cache@1.0.0:
    dependencies:
      pify: 2.3.0

  readdirp@3.6.0:
    dependencies:
      picomatch: 2.3.2

  require-directory@2.1.1: {}

  sax@1.6.1: {}

  slash@5.1.0: {}

  source-map-js@1.2.1: {}

  string-width@4.2.3:
    dependencies:
      emoji-regex: 8.0.0
      is-fullwidth-code-point: 3.0.0
      strip-ansi: 6.0.1

  strip-ansi@6.0.1:
    dependencies:
      ansi-regex: 5.0.1

  stylehacks@9.0.0(postcss@8.5.26):
    dependencies:
      browserslist: 4.28.8
      postcss: 8.5.26
      postcss-selector-parser: 7.1.5

  svgo@4.1.0:
    dependencies:
      commander: 11.1.0
      css-select: 6.0.0
      css-tree: 3.2.1
      css-what: 7.0.0
      csso: 5.0.5
      picocolors: 1.1.1
      sax: 1.6.1

  thenby@1.3.4: {}

  tinyglobby@0.2.15:
    dependencies:
      fdir: 6.5.0(picomatch@4.0.4)
      picomatch: 4.0.4

  to-regex-range@5.0.1:
    dependencies:
      is-number: 7.0.0

  universalify@2.0.1: {}

  update-browserslist-db@1.3.2(browserslist@4.28.8):
    dependencies:
      browserslist: 4.28.8
      escalade: 3.2.0
      picocolors: 1.1.1

  util-deprecate@1.0.2: {}

  wrap-ansi@7.0.0:
    dependencies:
      ansi-styles: 4.3.0
      string-width: 4.2.3
      strip-ansi: 6.0.1

  y18n@5.0.8: {}

  yaml@2.8.3: {}

  yargs-parser@21.1.1: {}

  yargs@17.7.2:
    dependencies:
      cliui: 8.0.1
      escalade: 3.2.0
      get-caller-file: 2.0.5
      require-directory: 2.1.1
      string-width: 4.2.3
      y18n: 5.0.8
      yargs-parser: 21.1.1
